
Microsoft Visual Studio Solution File, Format Version 12.00
# Visual Studio Version 16
VisualStudioVersion = 16.0.34114.132
MinimumVisualStudioVersion = 10.0.40219.1
Project("{8BC9CEB8-8B4A-11D0-8D11-00A0C91BC942}") = "KGCAProjects", "KGCAProjects\KGCAProjects.vcxproj", "{1E3AB1A2-8885-4128-A9BB-26ACA48EB6CF}"
EndProject
Project("{8BC9CEB8-8B4A-11D0-8D11-00A0C91BC942}") = "CLang_0", "CLang_0\CLang_0.vcxproj", "{625987B7-B3E7-46E0-B712-0519D004EA87}"
EndProject
Project("{8BC9CEB8-8B4A-11D0-8D11-00A0C91BC942}") = "CLang_1", "CLang_1\CLang_1.vcxproj", "{6D74C10E-7F8F-462B-B279-7320D063B146}"
EndProject
Project("{2150E333-8FDC-42A3-9474-1A3956D46DE8}") = "CLang", "CLang", "{291197B3-C2B1-4193-8D78-D6BE900A33FB}"
EndProject
Project("{2150E333-8FDC-42A3-9474-1A3956D46DE8}") = "C++", "C++", "{81CD6F06-8388-4735-83EC-4CF716E62325}"
EndProject
Project("{8BC9CEB8-8B4A-11D0-8D11-00A0C91BC942}") = "CLang_2", "CLang_2\CLang_2.vcxproj", "{D33B7BC7-F826-4830-BFAC-B7C0430325F7}"
EndProject
Project("{8BC9CEB8-8B4A-11D0-8D11-00A0C91BC942}") = "CLang_3", "CLang_3\CLang_3.vcxproj", "{087C5394-12D8-46E5-8241-996B63D508C8}"
EndProject
Project("{8BC9CEB8-8B4A-11D0-8D11-00A0C91BC942}") = "CLang_4", "CLang_4\CLang_4.vcxproj", "{9F947BBC-4A52-4405-960A-67666248373E}"
EndProject
Project("{8BC9CEB8-8B4A-11D0-8D11-00A0C91BC942}") = "Stack_0", "Stack_0\Stack_0.vcxproj", "{AF3A59A2-787E-4776-A95B-A6C7E22AFBFD}"
EndProject
Project("{8BC9CEB8-8B4A-11D0-8D11-00A0C91BC942}") = "PointNode", "PointNode\PointNode.vcxproj", "{ECCE93B9-302A-4B3A-9591-4EB23F2C9C64}"
EndProject
Project("{8BC9CEB8-8B4A-11D0-8D11-00A0C91BC942}") = "Stack_1", "Stack_1\Stack_1.vcxproj", "{302DBB27-BD79-4DB2-8661-F93474015424}"
EndProject
Project("{8BC9CEB8-8B4A-11D0-8D11-00A0C91BC942}") = "Queue_0", "Queue_0\Queue_0.vcxproj", "{057E3FC7-A401-43DA-BADE-058AB4CD107E}"
EndProject
Project("{8BC9CEB8-8B4A-11D0-8D11-00A0C91BC942}") = "Queue_1", "Queue_1\Queue_1.vcxproj", "{7F69F889-0D09-4BE9-AF4D-E9A07391AA40}"
EndProject
Global
	GlobalSection(SolutionConfigurationPlatforms) = preSolution
		Debug|x64 = Debug|x64
		Debug|x86 = Debug|x86
		Release|x64 = Release|x64
		Release|x86 = Release|x86
	EndGlobalSection
	GlobalSection(ProjectConfigurationPlatforms) = postSolution
		{1E3AB1A2-8885-4128-A9BB-26ACA48EB6CF}.Debug|x64.ActiveCfg = Debug|x64
		{1E3AB1A2-8885-4128-A9BB-26ACA48EB6CF}.Debug|x64.Build.0 = Debug|x64
		{1E3AB1A2-8885-4128-A9BB-26ACA48EB6CF}.Debug|x86.ActiveCfg = Debug|Win32
		{1E3AB1A2-8885-4128-A9BB-26ACA48EB6CF}.Debug|x86.Build.0 = Debug|Win32
		{1E3AB1A2-8885-4128-A9BB-26ACA48EB6CF}.Release|x64.ActiveCfg = Release|x64
		{1E3AB1A2-8885-4128-A9BB-26ACA48EB6CF}.Release|x64.Build.0 = Release|x64
		{1E3AB1A2-8885-4128-A9BB-26ACA48EB6CF}.Release|x86.ActiveCfg = Release|Win32
		{1E3AB1A2-8885-4128-A9BB-26ACA48EB6CF}.Release|x86.Build.0 = Release|Win32
		{625987B7-B3E7-46E0-B712-0519D004EA87}.Debug|x64.ActiveCfg = Debug|x64
		{625987B7-B3E7-46E0-B712-0519D004EA87}.Debug|x64.Build.0 = Debug|x64
		{625987B7-B3E7-46E0-B712-0519D004EA87}.Debug|x86.ActiveCfg = Debug|Win32
		{625987B7-B3E7-46E0-B712-0519D004EA87}.Debug|x86.Build.0 = Debug|Win32
		{625987B7-B3E7-46E0-B712-0519D004EA87}.Release|x64.ActiveCfg = Release|x64
		{625987B7-B3E7-46E0-B712-0519D004EA87}.Release|x64.Build.0 = Release|x64
		{625987B7-B3E7-46E0-B712-0519D004EA87}.Release|x86.ActiveCfg = Release|Win32
		{625987B7-B3E7-46E0-B712-0519D004EA87}.Release|x86.Build.0 = Release|Win32
		{6D74C10E-7F8F-462B-B279-7320D063B146}.Debug|x64.ActiveCfg = Debug|x64
		{6D74C10E-7F8F-462B-B279-7320D063B146}.Debug|x64.Build.0 = Debug|x64
		{6D74C10E-7F8F-462B-B279-7320D063B146}.Debug|x86.ActiveCfg = Debug|Win32
		{6D74C10E-7F8F-462B-B279-7320D063B146}.Debug|x86.Build.0 = Debug|Win32
		{6D74C10E-7F8F-462B-B279-7320D063B146}.Release|x64.ActiveCfg = Release|x64
		{6D74C10E-7F8F-462B-B279-7320D063B146}.Release|x64.Build.0 = Release|x64
		{6D74C10E-7F8F-462B-B279-7320D063B146}.Release|x86.ActiveCfg = Release|Win32
		{6D74C10E-7F8F-462B-B279-7320D063B146}.Release|x86.Build.0 = Release|Win32
		{D33B7BC7-F826-4830-BFAC-B7C0430325F7}.Debug|x64.ActiveCfg = Debug|x64
		{D33B7BC7-F826-4830-BFAC-B7C0430325F7}.Debug|x64.Build.0 = Debug|x64
		{D33B7BC7-F826-4830-BFAC-B7C0430325F7}.Debug|x86.ActiveCfg = Debug|Win32
		{D33B7BC7-F826-4830-BFAC-B7C0430325F7}.Debug|x86.Build.0 = Debug|Win32
		{D33B7BC7-F826-4830-BFAC-B7C0430325F7}.Release|x64.ActiveCfg = Release|x64
		{D33B7BC7-F826-4830-BFAC-B7C0430325F7}.Release|x64.Build.0 = Release|x64
		{D33B7BC7-F826-4830-BFAC-B7C0430325F7}.Release|x86.ActiveCfg = Release|Win32
		{D33B7BC7-F826-4830-BFAC-B7C0430325F7}.Release|x86.Build.0 = Release|Win32
		{087C5394-12D8-46E5-8241-996B63D508C8}.Debug|x64.ActiveCfg = Debug|x64
		{087C5394-12D8-46E5-8241-996B63D508C8}.Debug|x64.Build.0 = Debug|x64
		{087C5394-12D8-46E5-8241-996B63D508C8}.Debug|x86.ActiveCfg = Debug|Win32
		{087C5394-12D8-46E5-8241-996B63D508C8}.Debug|x86.Build.0 = Debug|Win32
		{087C5394-12D8-46E5-8241-996B63D508C8}.Release|x64.ActiveCfg = Release|x64
		{087C5394-12D8-46E5-8241-996B63D508C8}.Release|x64.Build.0 = Release|x64
		{087C5394-12D8-46E5-8241-996B63D508C8}.Release|x86.ActiveCfg = Release|Win32
		{087C5394-12D8-46E5-8241-996B63D508C8}.Release|x86.Build.0 = Release|Win32
		{9F947BBC-4A52-4405-960A-67666248373E}.Debug|x64.ActiveCfg = Debug|x64
		{9F947BBC-4A52-4405-960A-67666248373E}.Debug|x64.Build.0 = Debug|x64
		{9F947BBC-4A52-4405-960A-67666248373E}.Debug|x86.ActiveCfg = Debug|Win32
		{9F947BBC-4A52-4405-960A-67666248373E}.Debug|x86.Build.0 = Debug|Win32
		{9F947BBC-4A52-4405-960A-67666248373E}.Release|x64.ActiveCfg = Release|x64
		{9F947BBC-4A52-4405-960A-67666248373E}.Release|x64.Build.0 = Release|x64
		{9F947BBC-4A52-4405-960A-67666248373E}.Release|x86.ActiveCfg = Release|Win32
		{9F947BBC-4A52-4405-960A-67666248373E}.Release|x86.Build.0 = Release|Win32
		{AF3A59A2-787E-4776-A95B-A6C7E22AFBFD}.Debug|x64.ActiveCfg = Debug|x64
		{AF3A59A2-787E-4776-A95B-A6C7E22AFBFD}.Debug|x64.Build.0 = Debug|x64
		{AF3A59A2-787E-4776-A95B-A6C7E22AFBFD}.Debug|x86.ActiveCfg = Debug|Win32
		{AF3A59A2-787E-4776-A95B-A6C7E22AFBFD}.Debug|x86.Build.0 = Debug|Win32
		{AF3A59A2-787E-4776-A95B-A6C7E22AFBFD}.Release|x64.ActiveCfg = Release|x64
		{AF3A59A2-787E-4776-A95B-A6C7E22AFBFD}.Release|x64.Build.0 = Release|x64
		{AF3A59A2-787E-4776-A95B-A6C7E22AFBFD}.Release|x86.ActiveCfg = Release|Win32
		{AF3A59A2-787E-4776-A95B-A6C7E22AFBFD}.Release|x86.Build.0 = Release|Win32
		{ECCE93B9-302A-4B3A-9591-4EB23F2C9C64}.Debug|x64.ActiveCfg = Debug|x64
		{ECCE93B9-302A-4B3A-9591-4EB23F2C9C64}.Debug|x64.Build.0 = Debug|x64
		{ECCE93B9-302A-4B3A-9591-4EB23F2C9C64}.Debug|x86.ActiveCfg = Debug|Win32
		{ECCE93B9-302A-4B3A-9591-4EB23F2C9C64}.Debug|x86.Build.0 = Debug|Win32
		{ECCE93B9-302A-4B3A-9591-4EB23F2C9C64}.Release|x64.ActiveCfg = Release|x64
		{ECCE93B9-302A-4B3A-9591-4EB23F2C9C64}.Release|x64.Build.0 = Release|x64
		{ECCE93B9-302A-4B3A-9591-4EB23F2C9C64}.Release|x86.ActiveCfg = Release|Win32
		{ECCE93B9-302A-4B3A-9591-4EB23F2C9C64}.Release|x86.Build.0 = Release|Win32
		{302DBB27-BD79-4DB2-8661-F93474015424}.Debug|x64.ActiveCfg = Debug|x64
		{302DBB27-BD79-4DB2-8661-F93474015424}.Debug|x64.Build.0 = Debug|x64
		{302DBB27-BD79-4DB2-8661-F93474015424}.Debug|x86.ActiveCfg = Debug|Win32
		{302DBB27-BD79-4DB2-8661-F93474015424}.Debug|x86.Build.0 = Debug|Win32
		{302DBB27-BD79-4DB2-8661-F93474015424}.Release|x64.ActiveCfg = Release|x64
		{302DBB27-BD79-4DB2-8661-F93474015424}.Release|x64.Build.0 = Release|x64
		{302DBB27-BD79-4DB2-8661-F93474015424}.Release|x86.ActiveCfg = Release|Win32
		{302DBB27-BD79-4DB2-8661-F93474015424}.Release|x86.Build.0 = Release|Win32
		{057E3FC7-A401-43DA-BADE-058AB4CD107E}.Debug|x64.ActiveCfg = Debug|x64
		{057E3FC7-A401-43DA-BADE-058AB4CD107E}.Debug|x64.Build.0 = Debug|x64
		{057E3FC7-A401-43DA-BADE-058AB4CD107E}.Debug|x86.ActiveCfg = Debug|Win32
		{057E3FC7-A401-43DA-BADE-058AB4CD107E}.Debug|x86.Build.0 = Debug|Win32
		{057E3FC7-A401-43DA-BADE-058AB4CD107E}.Release|x64.ActiveCfg = Release|x64
		{057E3FC7-A401-43DA-BADE-058AB4CD107E}.Release|x64.Build.0 = Release|x64
		{057E3FC7-A401-43DA-BADE-058AB4CD107E}.Release|x86.ActiveCfg = Release|Win32
		{057E3FC7-A401-43DA-BADE-058AB4CD107E}.Release|x86.Build.0 = Release|Win32
		{7F69F889-0D09-4BE9-AF4D-E9A07391AA40}.Debug|x64.ActiveCfg = Debug|x64
		{7F69F889-0D09-4BE9-AF4D-E9A07391AA40}.Debug|x64.Build.0 = Debug|x64
		{7F69F889-0D09-4BE9-AF4D-E9A07391AA40}.Debug|x86.ActiveCfg = Debug|Win32
		{7F69F889-0D09-4BE9-AF4D-E9A07391AA40}.Debug|x86.Build.0 = Debug|Win32
		{7F69F889-0D09-4BE9-AF4D-E9A07391AA40}.Release|x64.ActiveCfg = Release|x64
		{7F69F889-0D09-4BE9-AF4D-E9A07391AA40}.Release|x64.Build.0 = Release|x64
		{7F69F889-0D09-4BE9-AF4D-E9A07391AA40}.Release|x86.ActiveCfg = Release|Win32
		{7F69F889-0D09-4BE9-AF4D-E9A07391AA40}.Release|x86.Build.0 = Release|Win32
	EndGlobalSection
	GlobalSection(SolutionProperties) = preSolution
		HideSolutionNode = FALSE
	EndGlobalSection
	GlobalSection(NestedProjects) = preSolution
		{625987B7-B3E7-46E0-B712-0519D004EA87} = {291197B3-C2B1-4193-8D78-D6BE900A33FB}
		{6D74C10E-7F8F-462B-B279-7320D063B146} = {291197B3-C2B1-4193-8D78-D6BE900A33FB}
		{D33B7BC7-F826-4830-BFAC-B7C0430325F7} = {291197B3-C2B1-4193-8D78-D6BE900A33FB}
		{087C5394-12D8-46E5-8241-996B63D508C8} = {291197B3-C2B1-4193-8D78-D6BE900A33FB}
		{9F947BBC-4A52-4405-960A-67666248373E} = {291197B3-C2B1-4193-8D78-D6BE900A33FB}
		{AF3A59A2-787E-4776-A95B-A6C7E22AFBFD} = {291197B3-C2B1-4193-8D78-D6BE900A33FB}
		{ECCE93B9-302A-4B3A-9591-4EB23F2C9C64} = {291197B3-C2B1-4193-8D78-D6BE900A33FB}
		{302DBB27-BD79-4DB2-8661-F93474015424} = {291197B3-C2B1-4193-8D78-D6BE900A33FB}
		{057E3FC7-A401-43DA-BADE-058AB4CD107E} = {291197B3-C2B1-4193-8D78-D6BE900A33FB}
		{7F69F889-0D09-4BE9-AF4D-E9A07391AA40} = {291197B3-C2B1-4193-8D78-D6BE900A33FB}
	EndGlobalSection
	GlobalSection(ExtensibilityGlobals) = postSolution
		SolutionGuid = {760E8DCA-1EDC-41D9-8CDF-C65DDEE5F915}
	EndGlobalSection
EndGlobal
