
Microsoft Visual Studio Solution File, Format Version 12.00
# Visual Studio Version 16
VisualStudioVersion = 16.0.34114.132
MinimumVisualStudioVersion = 10.0.40219.1
Project("{8BC9CEB8-8B4A-11D0-8D11-00A0C91BC942}") = "KGCAProjects", "KGCAProjects\KGCAProjects.vcxproj", "{1E3AB1A2-8885-4128-A9BB-26ACA48EB6CF}"
EndProject
Project("{8BC9CEB8-8B4A-11D0-8D11-00A0C91BC942}") = "CLang_0", "CLang_0\CLang_0.vcxproj", "{625987B7-B3E7-46E0-B712-0519D004EA87}"
EndProject
Project("{8BC9CEB8-8B4A-11D0-8D11-00A0C91BC942}") = "CLang_1", "CLang_1\CLang_1.vcxproj", "{6D74C10E-7F8F-462B-B279-7320D063B146}"
EndProject
Project("{2150E333-8FDC-42A3-9474-1A3956D46DE8}") = "CLang", "CLang", "{291197B3-C2B1-4193-8D78-D6BE900A33FB}"
EndProject
Project("{2150E333-8FDC-42A3-9474-1A3956D46DE8}") = "C++", "C++", "{81CD6F06-8388-4735-83EC-4CF716E62325}"
EndProject
Project("{8BC9CEB8-8B4A-11D0-8D11-00A0C91BC942}") = "CLang_2", "CLang_2\CLang_2.vcxproj", "{D33B7BC7-F826-4830-BFAC-B7C0430325F7}"
EndProject
Project("{8BC9CEB8-8B4A-11D0-8D11-00A0C91BC942}") = "CLang_3", "CLang_3\CLang_3.vcxproj", "{087C5394-12D8-46E5-8241-996B63D508C8}"
EndProject
Project("{8BC9CEB8-8B4A-11D0-8D11-00A0C91BC942}") = "CLang_4", "CLang_4\CLang_4.vcxproj", "{9F947BBC-4A52-4405-960A-67666248373E}"
EndProject
Project("{8BC9CEB8-8B4A-11D0-8D11-00A0C91BC942}") = "Stack_0", "Stack_0\Stack_0.vcxproj", "{AF3A59A2-787E-4776-A95B-A6C7E22AFBFD}"
EndProject
Project("{8BC9CEB8-8B4A-11D0-8D11-00A0C91BC942}") = "PointNode", "PointNode\PointNode.vcxproj", "{ECCE93B9-302A-4B3A-9591-4EB23F2C9C64}"
EndProject
Project("{8BC9CEB8-8B4A-11D0-8D11-00A0C91BC942}") = "Stack_1", "Stack_1\Stack_1.vcxproj", "{302DBB27-BD79-4DB2-8661-F93474015424}"
EndProject
Project("{8BC9CEB8-8B4A-11D0-8D11-00A0C91BC942}") = "Queue_0", "Queue_0\Queue_0.vcxproj", "{057E3FC7-A401-43DA-BADE-058AB4CD107E}"
EndProject
Project("{8BC9CEB8-8B4A-11D0-8D11-00A0C91BC942}") = "Queue_1", "Queue_1\Queue_1.vcxproj", "{7F69F889-0D09-4BE9-AF4D-E9A07391AA40}"
EndProject
Project("{8BC9CEB8-8B4A-11D0-8D11-00A0C91BC942}") = "Queue_2", "Queue_2\Queue_2.vcxproj", "{A3F4191E-12DA-4CDB-9B75-A8B17555EF23}"
EndProject
Project("{8BC9CEB8-8B4A-11D0-8D11-00A0C91BC942}") = "Queue_3Class", "Queue_3Class\Queue_3Class.vcxproj", "{8F69CDE6-9BE8-42D3-8C3C-D13AAB768BC6}"
EndProject
Project("{8BC9CEB8-8B4A-11D0-8D11-00A0C91BC942}") = "Queuue_4", "Queuue_4\Queuue_4.vcxproj", "{E00C11BF-6AEB-421B-8E0D-3AE3C274A0A6}"
EndProject
Project("{8BC9CEB8-8B4A-11D0-8D11-00A0C91BC942}") = "LinkedList_0", "LinkedList_0\LinkedList_0.vcxproj", "{A2ACA090-0C0C-40B5-81B1-240E4265DDA1}"
EndProject
Project("{8BC9CEB8-8B4A-11D0-8D11-00A0C91BC942}") = "LinkedList_1", "LinkedList_1\LinkedList_1.vcxproj", "{7B7C6321-47F3-4E7C-9F29-066AE77B848D}"
EndProject
Project("{8BC9CEB8-8B4A-11D0-8D11-00A0C91BC942}") = "LinkedList_2", "LinkedList_2\LinkedList_2.vcxproj", "{1772D3DE-0F25-4ED3-8233-8E0594E24D06}"
EndProject
Project("{8BC9CEB8-8B4A-11D0-8D11-00A0C91BC942}") = "Game_0", "Game_0\Game_0.vcxproj", "{00F33B45-5577-4F7F-A533-288765ED2AC5}"
EndProject
Project("{8BC9CEB8-8B4A-11D0-8D11-00A0C91BC942}") = "Vector_0", "Vector_0\Vector_0.vcxproj", "{5BAD89F2-75FE-4BB1-B90B-395EFD421404}"
EndProject
Project("{8BC9CEB8-8B4A-11D0-8D11-00A0C91BC942}") = "list_0", "list_0\list_0.vcxproj", "{65891D6B-DED1-40E3-B575-F0021374FC51}"
EndProject
Project("{8BC9CEB8-8B4A-11D0-8D11-00A0C91BC942}") = "map_0", "map_0\map_0.vcxproj", "{B3A3B330-CD75-47E0-9AF7-898458C61543}"
EndProject
Project("{8BC9CEB8-8B4A-11D0-8D11-00A0C91BC942}") = "string_0", "string_0\string_0.vcxproj", "{4CA0C03C-B4FC-4A58-A7F1-4A2FCCC67A5B}"
EndProject
Project("{8BC9CEB8-8B4A-11D0-8D11-00A0C91BC942}") = "Game_1", "Game_1\Game_1.vcxproj", "{E2856060-2CB1-46E9-8A4A-F8AEEA0E1D94}"
EndProject
Project("{2150E333-8FDC-42A3-9474-1A3956D46DE8}") = "Window", "Window", "{3375D399-0F01-49C3-BC54-FBDB34E44811}"
EndProject
Project("{8BC9CEB8-8B4A-11D0-8D11-00A0C91BC942}") = "window_0", "window_0\window_0.vcxproj", "{07846392-2EC7-40F0-B24E-542ABBB66ED0}"
EndProject
Project("{8BC9CEB8-8B4A-11D0-8D11-00A0C91BC942}") = "windows_1", "windows_1\windows_1.vcxproj", "{4082ECDA-F7DD-49C3-A1F2-5E6C5F69FB49}"
EndProject
Project("{2150E333-8FDC-42A3-9474-1A3956D46DE8}") = "Net", "Net", "{98763E55-FA85-4E80-9A1F-308C08CA0A47}"
EndProject
Project("{8BC9CEB8-8B4A-11D0-8D11-00A0C91BC942}") = "Net_Client", "Net_Client\Net_Client.vcxproj", "{A783805C-1D92-4E8A-BAAC-356D17E3D92A}"
EndProject
Project("{8BC9CEB8-8B4A-11D0-8D11-00A0C91BC942}") = "Net_Server", "Net_Server\Net_Server.vcxproj", "{59AA045B-B527-40F4-903F-6EF0AD5B5FE2}"
EndProject
Project("{8BC9CEB8-8B4A-11D0-8D11-00A0C91BC942}") = "Net_Client_thread", "Net_Client_thread\Net_Client_thread.vcxproj", "{29F20A38-B379-4C08-8010-6B06E242E457}"
EndProject
Project("{8BC9CEB8-8B4A-11D0-8D11-00A0C91BC942}") = "Net_Server_thread", "Net_Server_thread\Net_Server_thread.vcxproj", "{28F43251-21FF-4C03-A1B2-89712264E1FC}"
EndProject
Project("{2150E333-8FDC-42A3-9474-1A3956D46DE8}") = "thread", "thread", "{97E6CDF6-7AE2-494D-A3D7-A0128D2E0530}"
EndProject
Project("{2150E333-8FDC-42A3-9474-1A3956D46DE8}") = "echo", "echo", "{895EC5A6-F291-4EB4-989B-4FF53364D094}"
EndProject
Project("{2150E333-8FDC-42A3-9474-1A3956D46DE8}") = "Select", "Select", "{DD363DEC-F807-4960-AE14-168EFCF15FDC}"
EndProject
Project("{8BC9CEB8-8B4A-11D0-8D11-00A0C91BC942}") = "Net_Server_Select", "Net_Server_Select\Net_Server_Select.vcxproj", "{C9186802-399C-4C6D-9098-C07F1B3FAF01}"
EndProject
Project("{8BC9CEB8-8B4A-11D0-8D11-00A0C91BC942}") = "Net_Client_AsyncSelect", "Net_Client_AsyncSelect\Net_Client_AsyncSelect.vcxproj", "{55CD3DF0-3D2D-4A2C-8A03-074FDA2DCA0E}"
EndProject
Project("{8BC9CEB8-8B4A-11D0-8D11-00A0C91BC942}") = "Net_Client_AsyncSelect2", "Net_Client_AsyncSelect2\Net_Client_AsyncSelect2.vcxproj", "{1270969E-704E-42FC-9044-4826D836117C}"
EndProject
Project("{8BC9CEB8-8B4A-11D0-8D11-00A0C91BC942}") = "Net_Client_AsyncSelect3", "Net_Client_AsyncSelect3\Net_Client_AsyncSelect3.vcxproj", "{D967A9F2-4983-411F-9DFB-57DE6F30555F}"
EndProject
Project("{2150E333-8FDC-42A3-9474-1A3956D46DE8}") = "makePacket", "makePacket", "{DCE20714-8CA0-4C2F-8F1B-898DD8BF234E}"
EndProject
Project("{8BC9CEB8-8B4A-11D0-8D11-00A0C91BC942}") = "MakePacket_0", "MakePacket_0\MakePacket_0.vcxproj", "{D668CA5F-E514-4CAD-A090-A0B8E67A77E0}"
EndProject
Project("{8BC9CEB8-8B4A-11D0-8D11-00A0C91BC942}") = "Net_Server_Select_Packet", "Net_Server_Select_Packet\Net_Server_Select_Packet.vcxproj", "{6D38D4E8-7458-4EA4-BC64-3C44FDCEC510}"
EndProject
Project("{8BC9CEB8-8B4A-11D0-8D11-00A0C91BC942}") = "Net_Client_AsyncSelect_Packet", "Net_Client_AsyncSelect_Packet\Net_Client_AsyncSelect_Packet.vcxproj", "{0A2CD0E2-0302-446C-B1B5-E40A57313EBB}"
EndProject
Project("{2150E333-8FDC-42A3-9474-1A3956D46DE8}") = "ThreadObject", "ThreadObject", "{EB8F5B79-214D-48FD-9B9C-C1858DEFD979}"
EndProject
Project("{8BC9CEB8-8B4A-11D0-8D11-00A0C91BC942}") = "Thread_CriticalSection", "Thread_CriticalSection\Thread_CriticalSection.vcxproj", "{88882422-FDBC-4F69-BD90-0E9D7AFD0A06}"
EndProject
Project("{8BC9CEB8-8B4A-11D0-8D11-00A0C91BC942}") = "Thread_Event", "Thread_Event\Thread_Event.vcxproj", "{2427544B-5FA2-4B06-9B0F-41A5C9E18783}"
EndProject
Project("{8BC9CEB8-8B4A-11D0-8D11-00A0C91BC942}") = "Thread_Semaphore", "Thread_Semaphore\Thread_Semaphore.vcxproj", "{5A6BFD6E-3286-4380-8A78-06D27FEA37F4}"
EndProject
Project("{8BC9CEB8-8B4A-11D0-8D11-00A0C91BC942}") = "Thread_CriticalSection_cs", "Thread_CriticalSection_cs\Thread_CriticalSection_cs.vcxproj", "{A355B21E-16AF-4815-9A61-A33F3F429261}"
EndProject
Project("{8BC9CEB8-8B4A-11D0-8D11-00A0C91BC942}") = "Net_Server_EventSelect", "Net_Server_EventSelect\Net_Server_EventSelect.vcxproj", "{6F5DB600-2700-4821-AA3A-8FA448522AE5}"
EndProject
Project("{8BC9CEB8-8B4A-11D0-8D11-00A0C91BC942}") = "TNetworkLib", "TNetworkLib\TNetworkLib.vcxproj", "{4CAF4113-1441-43F9-9D8B-6B900B798358}"
EndProject
Project("{8BC9CEB8-8B4A-11D0-8D11-00A0C91BC942}") = "Net_Server_Select_Packet_Stream", "Net_Server_Select_Packet_Stream\Net_Server_Select_Packet_Stream.vcxproj", "{EC08CF04-22B6-4810-8D2C-15D44C747E17}"
EndProject
Project("{8BC9CEB8-8B4A-11D0-8D11-00A0C91BC942}") = "windows_2", "windows_2\windows_2.vcxproj", "{8573BA6F-BBBE-4BF1-B10A-3C82155C30A2}"
EndProject
Project("{8BC9CEB8-8B4A-11D0-8D11-00A0C91BC942}") = "iocp", "IOCP\iocp.vcxproj", "{BFD9EF6D-F316-4421-9EC6-7C3558B9288D}"
EndProject
Project("{8BC9CEB8-8B4A-11D0-8D11-00A0C91BC942}") = "iocpServer", "IOCPServer\iocpServer.vcxproj", "{30B3B4F0-F838-4DBA-A7EA-E6BE013321BE}"
EndProject
Project("{8BC9CEB8-8B4A-11D0-8D11-00A0C91BC942}") = "iocpServerClass", "IOCPServerClass\iocpServerClass.vcxproj", "{1B0D2359-CBE4-4161-9A86-02A35743C877}"
EndProject
Global
	GlobalSection(SolutionConfigurationPlatforms) = preSolution
		Debug|x64 = Debug|x64
		Debug|x86 = Debug|x86
		Release|x64 = Release|x64
		Release|x86 = Release|x86
	EndGlobalSection
	GlobalSection(ProjectConfigurationPlatforms) = postSolution
		{1E3AB1A2-8885-4128-A9BB-26ACA48EB6CF}.Debug|x64.ActiveCfg = Debug|x64
		{1E3AB1A2-8885-4128-A9BB-26ACA48EB6CF}.Debug|x64.Build.0 = Debug|x64
		{1E3AB1A2-8885-4128-A9BB-26ACA48EB6CF}.Debug|x86.ActiveCfg = Debug|Win32
		{1E3AB1A2-8885-4128-A9BB-26ACA48EB6CF}.Debug|x86.Build.0 = Debug|Win32
		{1E3AB1A2-8885-4128-A9BB-26ACA48EB6CF}.Release|x64.ActiveCfg = Release|x64
		{1E3AB1A2-8885-4128-A9BB-26ACA48EB6CF}.Release|x64.Build.0 = Release|x64
		{1E3AB1A2-8885-4128-A9BB-26ACA48EB6CF}.Release|x86.ActiveCfg = Release|Win32
		{1E3AB1A2-8885-4128-A9BB-26ACA48EB6CF}.Release|x86.Build.0 = Release|Win32
		{625987B7-B3E7-46E0-B712-0519D004EA87}.Debug|x64.ActiveCfg = Debug|x64
		{625987B7-B3E7-46E0-B712-0519D004EA87}.Debug|x64.Build.0 = Debug|x64
		{625987B7-B3E7-46E0-B712-0519D004EA87}.Debug|x86.ActiveCfg = Debug|Win32
		{625987B7-B3E7-46E0-B712-0519D004EA87}.Debug|x86.Build.0 = Debug|Win32
		{625987B7-B3E7-46E0-B712-0519D004EA87}.Release|x64.ActiveCfg = Release|x64
		{625987B7-B3E7-46E0-B712-0519D004EA87}.Release|x64.Build.0 = Release|x64
		{625987B7-B3E7-46E0-B712-0519D004EA87}.Release|x86.ActiveCfg = Release|Win32
		{625987B7-B3E7-46E0-B712-0519D004EA87}.Release|x86.Build.0 = Release|Win32
		{6D74C10E-7F8F-462B-B279-7320D063B146}.Debug|x64.ActiveCfg = Debug|x64
		{6D74C10E-7F8F-462B-B279-7320D063B146}.Debug|x64.Build.0 = Debug|x64
		{6D74C10E-7F8F-462B-B279-7320D063B146}.Debug|x86.ActiveCfg = Debug|Win32
		{6D74C10E-7F8F-462B-B279-7320D063B146}.Debug|x86.Build.0 = Debug|Win32
		{6D74C10E-7F8F-462B-B279-7320D063B146}.Release|x64.ActiveCfg = Release|x64
		{6D74C10E-7F8F-462B-B279-7320D063B146}.Release|x64.Build.0 = Release|x64
		{6D74C10E-7F8F-462B-B279-7320D063B146}.Release|x86.ActiveCfg = Release|Win32
		{6D74C10E-7F8F-462B-B279-7320D063B146}.Release|x86.Build.0 = Release|Win32
		{D33B7BC7-F826-4830-BFAC-B7C0430325F7}.Debug|x64.ActiveCfg = Debug|x64
		{D33B7BC7-F826-4830-BFAC-B7C0430325F7}.Debug|x64.Build.0 = Debug|x64
		{D33B7BC7-F826-4830-BFAC-B7C0430325F7}.Debug|x86.ActiveCfg = Debug|Win32
		{D33B7BC7-F826-4830-BFAC-B7C0430325F7}.Debug|x86.Build.0 = Debug|Win32
		{D33B7BC7-F826-4830-BFAC-B7C0430325F7}.Release|x64.ActiveCfg = Release|x64
		{D33B7BC7-F826-4830-BFAC-B7C0430325F7}.Release|x64.Build.0 = Release|x64
		{D33B7BC7-F826-4830-BFAC-B7C0430325F7}.Release|x86.ActiveCfg = Release|Win32
		{D33B7BC7-F826-4830-BFAC-B7C0430325F7}.Release|x86.Build.0 = Release|Win32
		{087C5394-12D8-46E5-8241-996B63D508C8}.Debug|x64.ActiveCfg = Debug|x64
		{087C5394-12D8-46E5-8241-996B63D508C8}.Debug|x64.Build.0 = Debug|x64
		{087C5394-12D8-46E5-8241-996B63D508C8}.Debug|x86.ActiveCfg = Debug|Win32
		{087C5394-12D8-46E5-8241-996B63D508C8}.Debug|x86.Build.0 = Debug|Win32
		{087C5394-12D8-46E5-8241-996B63D508C8}.Release|x64.ActiveCfg = Release|x64
		{087C5394-12D8-46E5-8241-996B63D508C8}.Release|x64.Build.0 = Release|x64
		{087C5394-12D8-46E5-8241-996B63D508C8}.Release|x86.ActiveCfg = Release|Win32
		{087C5394-12D8-46E5-8241-996B63D508C8}.Release|x86.Build.0 = Release|Win32
		{9F947BBC-4A52-4405-960A-67666248373E}.Debug|x64.ActiveCfg = Debug|x64
		{9F947BBC-4A52-4405-960A-67666248373E}.Debug|x64.Build.0 = Debug|x64
		{9F947BBC-4A52-4405-960A-67666248373E}.Debug|x86.ActiveCfg = Debug|Win32
		{9F947BBC-4A52-4405-960A-67666248373E}.Debug|x86.Build.0 = Debug|Win32
		{9F947BBC-4A52-4405-960A-67666248373E}.Release|x64.ActiveCfg = Release|x64
		{9F947BBC-4A52-4405-960A-67666248373E}.Release|x64.Build.0 = Release|x64
		{9F947BBC-4A52-4405-960A-67666248373E}.Release|x86.ActiveCfg = Release|Win32
		{9F947BBC-4A52-4405-960A-67666248373E}.Release|x86.Build.0 = Release|Win32
		{AF3A59A2-787E-4776-A95B-A6C7E22AFBFD}.Debug|x64.ActiveCfg = Debug|x64
		{AF3A59A2-787E-4776-A95B-A6C7E22AFBFD}.Debug|x64.Build.0 = Debug|x64
		{AF3A59A2-787E-4776-A95B-A6C7E22AFBFD}.Debug|x86.ActiveCfg = Debug|Win32
		{AF3A59A2-787E-4776-A95B-A6C7E22AFBFD}.Debug|x86.Build.0 = Debug|Win32
		{AF3A59A2-787E-4776-A95B-A6C7E22AFBFD}.Release|x64.ActiveCfg = Release|x64
		{AF3A59A2-787E-4776-A95B-A6C7E22AFBFD}.Release|x64.Build.0 = Release|x64
		{AF3A59A2-787E-4776-A95B-A6C7E22AFBFD}.Release|x86.ActiveCfg = Release|Win32
		{AF3A59A2-787E-4776-A95B-A6C7E22AFBFD}.Release|x86.Build.0 = Release|Win32
		{ECCE93B9-302A-4B3A-9591-4EB23F2C9C64}.Debug|x64.ActiveCfg = Debug|x64
		{ECCE93B9-302A-4B3A-9591-4EB23F2C9C64}.Debug|x64.Build.0 = Debug|x64
		{ECCE93B9-302A-4B3A-9591-4EB23F2C9C64}.Debug|x86.ActiveCfg = Debug|Win32
		{ECCE93B9-302A-4B3A-9591-4EB23F2C9C64}.Debug|x86.Build.0 = Debug|Win32
		{ECCE93B9-302A-4B3A-9591-4EB23F2C9C64}.Release|x64.ActiveCfg = Release|x64
		{ECCE93B9-302A-4B3A-9591-4EB23F2C9C64}.Release|x64.Build.0 = Release|x64
		{ECCE93B9-302A-4B3A-9591-4EB23F2C9C64}.Release|x86.ActiveCfg = Release|Win32
		{ECCE93B9-302A-4B3A-9591-4EB23F2C9C64}.Release|x86.Build.0 = Release|Win32
		{302DBB27-BD79-4DB2-8661-F93474015424}.Debug|x64.ActiveCfg = Debug|x64
		{302DBB27-BD79-4DB2-8661-F93474015424}.Debug|x64.Build.0 = Debug|x64
		{302DBB27-BD79-4DB2-8661-F93474015424}.Debug|x86.ActiveCfg = Debug|Win32
		{302DBB27-BD79-4DB2-8661-F93474015424}.Debug|x86.Build.0 = Debug|Win32
		{302DBB27-BD79-4DB2-8661-F93474015424}.Release|x64.ActiveCfg = Release|x64
		{302DBB27-BD79-4DB2-8661-F93474015424}.Release|x64.Build.0 = Release|x64
		{302DBB27-BD79-4DB2-8661-F93474015424}.Release|x86.ActiveCfg = Release|Win32
		{302DBB27-BD79-4DB2-8661-F93474015424}.Release|x86.Build.0 = Release|Win32
		{057E3FC7-A401-43DA-BADE-058AB4CD107E}.Debug|x64.ActiveCfg = Debug|x64
		{057E3FC7-A401-43DA-BADE-058AB4CD107E}.Debug|x64.Build.0 = Debug|x64
		{057E3FC7-A401-43DA-BADE-058AB4CD107E}.Debug|x86.ActiveCfg = Debug|Win32
		{057E3FC7-A401-43DA-BADE-058AB4CD107E}.Debug|x86.Build.0 = Debug|Win32
		{057E3FC7-A401-43DA-BADE-058AB4CD107E}.Release|x64.ActiveCfg = Release|x64
		{057E3FC7-A401-43DA-BADE-058AB4CD107E}.Release|x64.Build.0 = Release|x64
		{057E3FC7-A401-43DA-BADE-058AB4CD107E}.Release|x86.ActiveCfg = Release|Win32
		{057E3FC7-A401-43DA-BADE-058AB4CD107E}.Release|x86.Build.0 = Release|Win32
		{7F69F889-0D09-4BE9-AF4D-E9A07391AA40}.Debug|x64.ActiveCfg = Debug|x64
		{7F69F889-0D09-4BE9-AF4D-E9A07391AA40}.Debug|x64.Build.0 = Debug|x64
		{7F69F889-0D09-4BE9-AF4D-E9A07391AA40}.Debug|x86.ActiveCfg = Debug|Win32
		{7F69F889-0D09-4BE9-AF4D-E9A07391AA40}.Debug|x86.Build.0 = Debug|Win32
		{7F69F889-0D09-4BE9-AF4D-E9A07391AA40}.Release|x64.ActiveCfg = Release|x64
		{7F69F889-0D09-4BE9-AF4D-E9A07391AA40}.Release|x64.Build.0 = Release|x64
		{7F69F889-0D09-4BE9-AF4D-E9A07391AA40}.Release|x86.ActiveCfg = Release|Win32
		{7F69F889-0D09-4BE9-AF4D-E9A07391AA40}.Release|x86.Build.0 = Release|Win32
		{A3F4191E-12DA-4CDB-9B75-A8B17555EF23}.Debug|x64.ActiveCfg = Debug|x64
		{A3F4191E-12DA-4CDB-9B75-A8B17555EF23}.Debug|x64.Build.0 = Debug|x64
		{A3F4191E-12DA-4CDB-9B75-A8B17555EF23}.Debug|x86.ActiveCfg = Debug|Win32
		{A3F4191E-12DA-4CDB-9B75-A8B17555EF23}.Debug|x86.Build.0 = Debug|Win32
		{A3F4191E-12DA-4CDB-9B75-A8B17555EF23}.Release|x64.ActiveCfg = Release|x64
		{A3F4191E-12DA-4CDB-9B75-A8B17555EF23}.Release|x64.Build.0 = Release|x64
		{A3F4191E-12DA-4CDB-9B75-A8B17555EF23}.Release|x86.ActiveCfg = Release|Win32
		{A3F4191E-12DA-4CDB-9B75-A8B17555EF23}.Release|x86.Build.0 = Release|Win32
		{8F69CDE6-9BE8-42D3-8C3C-D13AAB768BC6}.Debug|x64.ActiveCfg = Debug|x64
		{8F69CDE6-9BE8-42D3-8C3C-D13AAB768BC6}.Debug|x64.Build.0 = Debug|x64
		{8F69CDE6-9BE8-42D3-8C3C-D13AAB768BC6}.Debug|x86.ActiveCfg = Debug|Win32
		{8F69CDE6-9BE8-42D3-8C3C-D13AAB768BC6}.Debug|x86.Build.0 = Debug|Win32
		{8F69CDE6-9BE8-42D3-8C3C-D13AAB768BC6}.Release|x64.ActiveCfg = Release|x64
		{8F69CDE6-9BE8-42D3-8C3C-D13AAB768BC6}.Release|x64.Build.0 = Release|x64
		{8F69CDE6-9BE8-42D3-8C3C-D13AAB768BC6}.Release|x86.ActiveCfg = Release|Win32
		{8F69CDE6-9BE8-42D3-8C3C-D13AAB768BC6}.Release|x86.Build.0 = Release|Win32
		{E00C11BF-6AEB-421B-8E0D-3AE3C274A0A6}.Debug|x64.ActiveCfg = Debug|x64
		{E00C11BF-6AEB-421B-8E0D-3AE3C274A0A6}.Debug|x64.Build.0 = Debug|x64
		{E00C11BF-6AEB-421B-8E0D-3AE3C274A0A6}.Debug|x86.ActiveCfg = Debug|Win32
		{E00C11BF-6AEB-421B-8E0D-3AE3C274A0A6}.Debug|x86.Build.0 = Debug|Win32
		{E00C11BF-6AEB-421B-8E0D-3AE3C274A0A6}.Release|x64.ActiveCfg = Release|x64
		{E00C11BF-6AEB-421B-8E0D-3AE3C274A0A6}.Release|x64.Build.0 = Release|x64
		{E00C11BF-6AEB-421B-8E0D-3AE3C274A0A6}.Release|x86.ActiveCfg = Release|Win32
		{E00C11BF-6AEB-421B-8E0D-3AE3C274A0A6}.Release|x86.Build.0 = Release|Win32
		{A2ACA090-0C0C-40B5-81B1-240E4265DDA1}.Debug|x64.ActiveCfg = Debug|x64
		{A2ACA090-0C0C-40B5-81B1-240E4265DDA1}.Debug|x64.Build.0 = Debug|x64
		{A2ACA090-0C0C-40B5-81B1-240E4265DDA1}.Debug|x86.ActiveCfg = Debug|Win32
		{A2ACA090-0C0C-40B5-81B1-240E4265DDA1}.Debug|x86.Build.0 = Debug|Win32
		{A2ACA090-0C0C-40B5-81B1-240E4265DDA1}.Release|x64.ActiveCfg = Release|x64
		{A2ACA090-0C0C-40B5-81B1-240E4265DDA1}.Release|x64.Build.0 = Release|x64
		{A2ACA090-0C0C-40B5-81B1-240E4265DDA1}.Release|x86.ActiveCfg = Release|Win32
		{A2ACA090-0C0C-40B5-81B1-240E4265DDA1}.Release|x86.Build.0 = Release|Win32
		{7B7C6321-47F3-4E7C-9F29-066AE77B848D}.Debug|x64.ActiveCfg = Debug|x64
		{7B7C6321-47F3-4E7C-9F29-066AE77B848D}.Debug|x64.Build.0 = Debug|x64
		{7B7C6321-47F3-4E7C-9F29-066AE77B848D}.Debug|x86.ActiveCfg = Debug|Win32
		{7B7C6321-47F3-4E7C-9F29-066AE77B848D}.Debug|x86.Build.0 = Debug|Win32
		{7B7C6321-47F3-4E7C-9F29-066AE77B848D}.Release|x64.ActiveCfg = Release|x64
		{7B7C6321-47F3-4E7C-9F29-066AE77B848D}.Release|x64.Build.0 = Release|x64
		{7B7C6321-47F3-4E7C-9F29-066AE77B848D}.Release|x86.ActiveCfg = Release|Win32
		{7B7C6321-47F3-4E7C-9F29-066AE77B848D}.Release|x86.Build.0 = Release|Win32
		{1772D3DE-0F25-4ED3-8233-8E0594E24D06}.Debug|x64.ActiveCfg = Debug|x64
		{1772D3DE-0F25-4ED3-8233-8E0594E24D06}.Debug|x64.Build.0 = Debug|x64
		{1772D3DE-0F25-4ED3-8233-8E0594E24D06}.Debug|x86.ActiveCfg = Debug|Win32
		{1772D3DE-0F25-4ED3-8233-8E0594E24D06}.Debug|x86.Build.0 = Debug|Win32
		{1772D3DE-0F25-4ED3-8233-8E0594E24D06}.Release|x64.ActiveCfg = Release|x64
		{1772D3DE-0F25-4ED3-8233-8E0594E24D06}.Release|x64.Build.0 = Release|x64
		{1772D3DE-0F25-4ED3-8233-8E0594E24D06}.Release|x86.ActiveCfg = Release|Win32
		{1772D3DE-0F25-4ED3-8233-8E0594E24D06}.Release|x86.Build.0 = Release|Win32
		{00F33B45-5577-4F7F-A533-288765ED2AC5}.Debug|x64.ActiveCfg = Debug|x64
		{00F33B45-5577-4F7F-A533-288765ED2AC5}.Debug|x64.Build.0 = Debug|x64
		{00F33B45-5577-4F7F-A533-288765ED2AC5}.Debug|x86.ActiveCfg = Debug|Win32
		{00F33B45-5577-4F7F-A533-288765ED2AC5}.Debug|x86.Build.0 = Debug|Win32
		{00F33B45-5577-4F7F-A533-288765ED2AC5}.Release|x64.ActiveCfg = Release|x64
		{00F33B45-5577-4F7F-A533-288765ED2AC5}.Release|x64.Build.0 = Release|x64
		{00F33B45-5577-4F7F-A533-288765ED2AC5}.Release|x86.ActiveCfg = Release|Win32
		{00F33B45-5577-4F7F-A533-288765ED2AC5}.Release|x86.Build.0 = Release|Win32
		{5BAD89F2-75FE-4BB1-B90B-395EFD421404}.Debug|x64.ActiveCfg = Debug|x64
		{5BAD89F2-75FE-4BB1-B90B-395EFD421404}.Debug|x64.Build.0 = Debug|x64
		{5BAD89F2-75FE-4BB1-B90B-395EFD421404}.Debug|x86.ActiveCfg = Debug|Win32
		{5BAD89F2-75FE-4BB1-B90B-395EFD421404}.Debug|x86.Build.0 = Debug|Win32
		{5BAD89F2-75FE-4BB1-B90B-395EFD421404}.Release|x64.ActiveCfg = Release|x64
		{5BAD89F2-75FE-4BB1-B90B-395EFD421404}.Release|x64.Build.0 = Release|x64
		{5BAD89F2-75FE-4BB1-B90B-395EFD421404}.Release|x86.ActiveCfg = Release|Win32
		{5BAD89F2-75FE-4BB1-B90B-395EFD421404}.Release|x86.Build.0 = Release|Win32
		{65891D6B-DED1-40E3-B575-F0021374FC51}.Debug|x64.ActiveCfg = Debug|x64
		{65891D6B-DED1-40E3-B575-F0021374FC51}.Debug|x64.Build.0 = Debug|x64
		{65891D6B-DED1-40E3-B575-F0021374FC51}.Debug|x86.ActiveCfg = Debug|Win32
		{65891D6B-DED1-40E3-B575-F0021374FC51}.Debug|x86.Build.0 = Debug|Win32
		{65891D6B-DED1-40E3-B575-F0021374FC51}.Release|x64.ActiveCfg = Release|x64
		{65891D6B-DED1-40E3-B575-F0021374FC51}.Release|x64.Build.0 = Release|x64
		{65891D6B-DED1-40E3-B575-F0021374FC51}.Release|x86.ActiveCfg = Release|Win32
		{65891D6B-DED1-40E3-B575-F0021374FC51}.Release|x86.Build.0 = Release|Win32
		{B3A3B330-CD75-47E0-9AF7-898458C61543}.Debug|x64.ActiveCfg = Debug|x64
		{B3A3B330-CD75-47E0-9AF7-898458C61543}.Debug|x64.Build.0 = Debug|x64
		{B3A3B330-CD75-47E0-9AF7-898458C61543}.Debug|x86.ActiveCfg = Debug|Win32
		{B3A3B330-CD75-47E0-9AF7-898458C61543}.Debug|x86.Build.0 = Debug|Win32
		{B3A3B330-CD75-47E0-9AF7-898458C61543}.Release|x64.ActiveCfg = Release|x64
		{B3A3B330-CD75-47E0-9AF7-898458C61543}.Release|x64.Build.0 = Release|x64
		{B3A3B330-CD75-47E0-9AF7-898458C61543}.Release|x86.ActiveCfg = Release|Win32
		{B3A3B330-CD75-47E0-9AF7-898458C61543}.Release|x86.Build.0 = Release|Win32
		{4CA0C03C-B4FC-4A58-A7F1-4A2FCCC67A5B}.Debug|x64.ActiveCfg = Debug|x64
		{4CA0C03C-B4FC-4A58-A7F1-4A2FCCC67A5B}.Debug|x64.Build.0 = Debug|x64
		{4CA0C03C-B4FC-4A58-A7F1-4A2FCCC67A5B}.Debug|x86.ActiveCfg = Debug|Win32
		{4CA0C03C-B4FC-4A58-A7F1-4A2FCCC67A5B}.Debug|x86.Build.0 = Debug|Win32
		{4CA0C03C-B4FC-4A58-A7F1-4A2FCCC67A5B}.Release|x64.ActiveCfg = Release|x64
		{4CA0C03C-B4FC-4A58-A7F1-4A2FCCC67A5B}.Release|x64.Build.0 = Release|x64
		{4CA0C03C-B4FC-4A58-A7F1-4A2FCCC67A5B}.Release|x86.ActiveCfg = Release|Win32
		{4CA0C03C-B4FC-4A58-A7F1-4A2FCCC67A5B}.Release|x86.Build.0 = Release|Win32
		{E2856060-2CB1-46E9-8A4A-F8AEEA0E1D94}.Debug|x64.ActiveCfg = Debug|x64
		{E2856060-2CB1-46E9-8A4A-F8AEEA0E1D94}.Debug|x64.Build.0 = Debug|x64
		{E2856060-2CB1-46E9-8A4A-F8AEEA0E1D94}.Debug|x86.ActiveCfg = Debug|Win32
		{E2856060-2CB1-46E9-8A4A-F8AEEA0E1D94}.Debug|x86.Build.0 = Debug|Win32
		{E2856060-2CB1-46E9-8A4A-F8AEEA0E1D94}.Release|x64.ActiveCfg = Release|x64
		{E2856060-2CB1-46E9-8A4A-F8AEEA0E1D94}.Release|x64.Build.0 = Release|x64
		{E2856060-2CB1-46E9-8A4A-F8AEEA0E1D94}.Release|x86.ActiveCfg = Release|Win32
		{E2856060-2CB1-46E9-8A4A-F8AEEA0E1D94}.Release|x86.Build.0 = Release|Win32
		{07846392-2EC7-40F0-B24E-542ABBB66ED0}.Debug|x64.ActiveCfg = Debug|x64
		{07846392-2EC7-40F0-B24E-542ABBB66ED0}.Debug|x64.Build.0 = Debug|x64
		{07846392-2EC7-40F0-B24E-542ABBB66ED0}.Debug|x86.ActiveCfg = Debug|Win32
		{07846392-2EC7-40F0-B24E-542ABBB66ED0}.Debug|x86.Build.0 = Debug|Win32
		{07846392-2EC7-40F0-B24E-542ABBB66ED0}.Release|x64.ActiveCfg = Release|x64
		{07846392-2EC7-40F0-B24E-542ABBB66ED0}.Release|x64.Build.0 = Release|x64
		{07846392-2EC7-40F0-B24E-542ABBB66ED0}.Release|x86.ActiveCfg = Release|Win32
		{07846392-2EC7-40F0-B24E-542ABBB66ED0}.Release|x86.Build.0 = Release|Win32
		{4082ECDA-F7DD-49C3-A1F2-5E6C5F69FB49}.Debug|x64.ActiveCfg = Debug|x64
		{4082ECDA-F7DD-49C3-A1F2-5E6C5F69FB49}.Debug|x64.Build.0 = Debug|x64
		{4082ECDA-F7DD-49C3-A1F2-5E6C5F69FB49}.Debug|x86.ActiveCfg = Debug|Win32
		{4082ECDA-F7DD-49C3-A1F2-5E6C5F69FB49}.Debug|x86.Build.0 = Debug|Win32
		{4082ECDA-F7DD-49C3-A1F2-5E6C5F69FB49}.Release|x64.ActiveCfg = Release|x64
		{4082ECDA-F7DD-49C3-A1F2-5E6C5F69FB49}.Release|x64.Build.0 = Release|x64
		{4082ECDA-F7DD-49C3-A1F2-5E6C5F69FB49}.Release|x86.ActiveCfg = Release|Win32
		{4082ECDA-F7DD-49C3-A1F2-5E6C5F69FB49}.Release|x86.Build.0 = Release|Win32
		{A783805C-1D92-4E8A-BAAC-356D17E3D92A}.Debug|x64.ActiveCfg = Debug|x64
		{A783805C-1D92-4E8A-BAAC-356D17E3D92A}.Debug|x64.Build.0 = Debug|x64
		{A783805C-1D92-4E8A-BAAC-356D17E3D92A}.Debug|x86.ActiveCfg = Debug|Win32
		{A783805C-1D92-4E8A-BAAC-356D17E3D92A}.Debug|x86.Build.0 = Debug|Win32
		{A783805C-1D92-4E8A-BAAC-356D17E3D92A}.Release|x64.ActiveCfg = Release|x64
		{A783805C-1D92-4E8A-BAAC-356D17E3D92A}.Release|x64.Build.0 = Release|x64
		{A783805C-1D92-4E8A-BAAC-356D17E3D92A}.Release|x86.ActiveCfg = Release|Win32
		{A783805C-1D92-4E8A-BAAC-356D17E3D92A}.Release|x86.Build.0 = Release|Win32
		{59AA045B-B527-40F4-903F-6EF0AD5B5FE2}.Debug|x64.ActiveCfg = Debug|x64
		{59AA045B-B527-40F4-903F-6EF0AD5B5FE2}.Debug|x64.Build.0 = Debug|x64
		{59AA045B-B527-40F4-903F-6EF0AD5B5FE2}.Debug|x86.ActiveCfg = Debug|Win32
		{59AA045B-B527-40F4-903F-6EF0AD5B5FE2}.Debug|x86.Build.0 = Debug|Win32
		{59AA045B-B527-40F4-903F-6EF0AD5B5FE2}.Release|x64.ActiveCfg = Release|x64
		{59AA045B-B527-40F4-903F-6EF0AD5B5FE2}.Release|x64.Build.0 = Release|x64
		{59AA045B-B527-40F4-903F-6EF0AD5B5FE2}.Release|x86.ActiveCfg = Release|Win32
		{59AA045B-B527-40F4-903F-6EF0AD5B5FE2}.Release|x86.Build.0 = Release|Win32
		{29F20A38-B379-4C08-8010-6B06E242E457}.Debug|x64.ActiveCfg = Debug|x64
		{29F20A38-B379-4C08-8010-6B06E242E457}.Debug|x64.Build.0 = Debug|x64
		{29F20A38-B379-4C08-8010-6B06E242E457}.Debug|x86.ActiveCfg = Debug|Win32
		{29F20A38-B379-4C08-8010-6B06E242E457}.Debug|x86.Build.0 = Debug|Win32
		{29F20A38-B379-4C08-8010-6B06E242E457}.Release|x64.ActiveCfg = Release|x64
		{29F20A38-B379-4C08-8010-6B06E242E457}.Release|x64.Build.0 = Release|x64
		{29F20A38-B379-4C08-8010-6B06E242E457}.Release|x86.ActiveCfg = Release|Win32
		{29F20A38-B379-4C08-8010-6B06E242E457}.Release|x86.Build.0 = Release|Win32
		{28F43251-21FF-4C03-A1B2-89712264E1FC}.Debug|x64.ActiveCfg = Debug|x64
		{28F43251-21FF-4C03-A1B2-89712264E1FC}.Debug|x64.Build.0 = Debug|x64
		{28F43251-21FF-4C03-A1B2-89712264E1FC}.Debug|x86.ActiveCfg = Debug|Win32
		{28F43251-21FF-4C03-A1B2-89712264E1FC}.Debug|x86.Build.0 = Debug|Win32
		{28F43251-21FF-4C03-A1B2-89712264E1FC}.Release|x64.ActiveCfg = Release|x64
		{28F43251-21FF-4C03-A1B2-89712264E1FC}.Release|x64.Build.0 = Release|x64
		{28F43251-21FF-4C03-A1B2-89712264E1FC}.Release|x86.ActiveCfg = Release|Win32
		{28F43251-21FF-4C03-A1B2-89712264E1FC}.Release|x86.Build.0 = Release|Win32
		{C9186802-399C-4C6D-9098-C07F1B3FAF01}.Debug|x64.ActiveCfg = Debug|x64
		{C9186802-399C-4C6D-9098-C07F1B3FAF01}.Debug|x64.Build.0 = Debug|x64
		{C9186802-399C-4C6D-9098-C07F1B3FAF01}.Debug|x86.ActiveCfg = Debug|Win32
		{C9186802-399C-4C6D-9098-C07F1B3FAF01}.Debug|x86.Build.0 = Debug|Win32
		{C9186802-399C-4C6D-9098-C07F1B3FAF01}.Release|x64.ActiveCfg = Release|x64
		{C9186802-399C-4C6D-9098-C07F1B3FAF01}.Release|x64.Build.0 = Release|x64
		{C9186802-399C-4C6D-9098-C07F1B3FAF01}.Release|x86.ActiveCfg = Release|Win32
		{C9186802-399C-4C6D-9098-C07F1B3FAF01}.Release|x86.Build.0 = Release|Win32
		{55CD3DF0-3D2D-4A2C-8A03-074FDA2DCA0E}.Debug|x64.ActiveCfg = Debug|x64
		{55CD3DF0-3D2D-4A2C-8A03-074FDA2DCA0E}.Debug|x64.Build.0 = Debug|x64
		{55CD3DF0-3D2D-4A2C-8A03-074FDA2DCA0E}.Debug|x86.ActiveCfg = Debug|Win32
		{55CD3DF0-3D2D-4A2C-8A03-074FDA2DCA0E}.Debug|x86.Build.0 = Debug|Win32
		{55CD3DF0-3D2D-4A2C-8A03-074FDA2DCA0E}.Release|x64.ActiveCfg = Release|x64
		{55CD3DF0-3D2D-4A2C-8A03-074FDA2DCA0E}.Release|x64.Build.0 = Release|x64
		{55CD3DF0-3D2D-4A2C-8A03-074FDA2DCA0E}.Release|x86.ActiveCfg = Release|Win32
		{55CD3DF0-3D2D-4A2C-8A03-074FDA2DCA0E}.Release|x86.Build.0 = Release|Win32
		{1270969E-704E-42FC-9044-4826D836117C}.Debug|x64.ActiveCfg = Debug|x64
		{1270969E-704E-42FC-9044-4826D836117C}.Debug|x64.Build.0 = Debug|x64
		{1270969E-704E-42FC-9044-4826D836117C}.Debug|x86.ActiveCfg = Debug|Win32
		{1270969E-704E-42FC-9044-4826D836117C}.Debug|x86.Build.0 = Debug|Win32
		{1270969E-704E-42FC-9044-4826D836117C}.Release|x64.ActiveCfg = Release|x64
		{1270969E-704E-42FC-9044-4826D836117C}.Release|x64.Build.0 = Release|x64
		{1270969E-704E-42FC-9044-4826D836117C}.Release|x86.ActiveCfg = Release|Win32
		{1270969E-704E-42FC-9044-4826D836117C}.Release|x86.Build.0 = Release|Win32
		{D967A9F2-4983-411F-9DFB-57DE6F30555F}.Debug|x64.ActiveCfg = Debug|x64
		{D967A9F2-4983-411F-9DFB-57DE6F30555F}.Debug|x64.Build.0 = Debug|x64
		{D967A9F2-4983-411F-9DFB-57DE6F30555F}.Debug|x86.ActiveCfg = Debug|Win32
		{D967A9F2-4983-411F-9DFB-57DE6F30555F}.Debug|x86.Build.0 = Debug|Win32
		{D967A9F2-4983-411F-9DFB-57DE6F30555F}.Release|x64.ActiveCfg = Release|x64
		{D967A9F2-4983-411F-9DFB-57DE6F30555F}.Release|x64.Build.0 = Release|x64
		{D967A9F2-4983-411F-9DFB-57DE6F30555F}.Release|x86.ActiveCfg = Release|Win32
		{D967A9F2-4983-411F-9DFB-57DE6F30555F}.Release|x86.Build.0 = Release|Win32
		{D668CA5F-E514-4CAD-A090-A0B8E67A77E0}.Debug|x64.ActiveCfg = Debug|x64
		{D668CA5F-E514-4CAD-A090-A0B8E67A77E0}.Debug|x64.Build.0 = Debug|x64
		{D668CA5F-E514-4CAD-A090-A0B8E67A77E0}.Debug|x86.ActiveCfg = Debug|Win32
		{D668CA5F-E514-4CAD-A090-A0B8E67A77E0}.Debug|x86.Build.0 = Debug|Win32
		{D668CA5F-E514-4CAD-A090-A0B8E67A77E0}.Release|x64.ActiveCfg = Release|x64
		{D668CA5F-E514-4CAD-A090-A0B8E67A77E0}.Release|x64.Build.0 = Release|x64
		{D668CA5F-E514-4CAD-A090-A0B8E67A77E0}.Release|x86.ActiveCfg = Release|Win32
		{D668CA5F-E514-4CAD-A090-A0B8E67A77E0}.Release|x86.Build.0 = Release|Win32
		{6D38D4E8-7458-4EA4-BC64-3C44FDCEC510}.Debug|x64.ActiveCfg = Debug|x64
		{6D38D4E8-7458-4EA4-BC64-3C44FDCEC510}.Debug|x64.Build.0 = Debug|x64
		{6D38D4E8-7458-4EA4-BC64-3C44FDCEC510}.Debug|x86.ActiveCfg = Debug|Win32
		{6D38D4E8-7458-4EA4-BC64-3C44FDCEC510}.Debug|x86.Build.0 = Debug|Win32
		{6D38D4E8-7458-4EA4-BC64-3C44FDCEC510}.Release|x64.ActiveCfg = Release|x64
		{6D38D4E8-7458-4EA4-BC64-3C44FDCEC510}.Release|x64.Build.0 = Release|x64
		{6D38D4E8-7458-4EA4-BC64-3C44FDCEC510}.Release|x86.ActiveCfg = Release|Win32
		{6D38D4E8-7458-4EA4-BC64-3C44FDCEC510}.Release|x86.Build.0 = Release|Win32
		{0A2CD0E2-0302-446C-B1B5-E40A57313EBB}.Debug|x64.ActiveCfg = Debug|x64
		{0A2CD0E2-0302-446C-B1B5-E40A57313EBB}.Debug|x64.Build.0 = Debug|x64
		{0A2CD0E2-0302-446C-B1B5-E40A57313EBB}.Debug|x86.ActiveCfg = Debug|Win32
		{0A2CD0E2-0302-446C-B1B5-E40A57313EBB}.Debug|x86.Build.0 = Debug|Win32
		{0A2CD0E2-0302-446C-B1B5-E40A57313EBB}.Release|x64.ActiveCfg = Release|x64
		{0A2CD0E2-0302-446C-B1B5-E40A57313EBB}.Release|x64.Build.0 = Release|x64
		{0A2CD0E2-0302-446C-B1B5-E40A57313EBB}.Release|x86.ActiveCfg = Release|Win32
		{0A2CD0E2-0302-446C-B1B5-E40A57313EBB}.Release|x86.Build.0 = Release|Win32
		{88882422-FDBC-4F69-BD90-0E9D7AFD0A06}.Debug|x64.ActiveCfg = Debug|x64
		{88882422-FDBC-4F69-BD90-0E9D7AFD0A06}.Debug|x64.Build.0 = Debug|x64
		{88882422-FDBC-4F69-BD90-0E9D7AFD0A06}.Debug|x86.ActiveCfg = Debug|Win32
		{88882422-FDBC-4F69-BD90-0E9D7AFD0A06}.Debug|x86.Build.0 = Debug|Win32
		{88882422-FDBC-4F69-BD90-0E9D7AFD0A06}.Release|x64.ActiveCfg = Release|x64
		{88882422-FDBC-4F69-BD90-0E9D7AFD0A06}.Release|x64.Build.0 = Release|x64
		{88882422-FDBC-4F69-BD90-0E9D7AFD0A06}.Release|x86.ActiveCfg = Release|Win32
		{88882422-FDBC-4F69-BD90-0E9D7AFD0A06}.Release|x86.Build.0 = Release|Win32
		{2427544B-5FA2-4B06-9B0F-41A5C9E18783}.Debug|x64.ActiveCfg = Debug|x64
		{2427544B-5FA2-4B06-9B0F-41A5C9E18783}.Debug|x64.Build.0 = Debug|x64
		{2427544B-5FA2-4B06-9B0F-41A5C9E18783}.Debug|x86.ActiveCfg = Debug|Win32
		{2427544B-5FA2-4B06-9B0F-41A5C9E18783}.Debug|x86.Build.0 = Debug|Win32
		{2427544B-5FA2-4B06-9B0F-41A5C9E18783}.Release|x64.ActiveCfg = Release|x64
		{2427544B-5FA2-4B06-9B0F-41A5C9E18783}.Release|x64.Build.0 = Release|x64
		{2427544B-5FA2-4B06-9B0F-41A5C9E18783}.Release|x86.ActiveCfg = Release|Win32
		{2427544B-5FA2-4B06-9B0F-41A5C9E18783}.Release|x86.Build.0 = Release|Win32
		{5A6BFD6E-3286-4380-8A78-06D27FEA37F4}.Debug|x64.ActiveCfg = Debug|x64
		{5A6BFD6E-3286-4380-8A78-06D27FEA37F4}.Debug|x64.Build.0 = Debug|x64
		{5A6BFD6E-3286-4380-8A78-06D27FEA37F4}.Debug|x86.ActiveCfg = Debug|Win32
		{5A6BFD6E-3286-4380-8A78-06D27FEA37F4}.Debug|x86.Build.0 = Debug|Win32
		{5A6BFD6E-3286-4380-8A78-06D27FEA37F4}.Release|x64.ActiveCfg = Release|x64
		{5A6BFD6E-3286-4380-8A78-06D27FEA37F4}.Release|x64.Build.0 = Release|x64
		{5A6BFD6E-3286-4380-8A78-06D27FEA37F4}.Release|x86.ActiveCfg = Release|Win32
		{5A6BFD6E-3286-4380-8A78-06D27FEA37F4}.Release|x86.Build.0 = Release|Win32
		{A355B21E-16AF-4815-9A61-A33F3F429261}.Debug|x64.ActiveCfg = Debug|x64
		{A355B21E-16AF-4815-9A61-A33F3F429261}.Debug|x64.Build.0 = Debug|x64
		{A355B21E-16AF-4815-9A61-A33F3F429261}.Debug|x86.ActiveCfg = Debug|Win32
		{A355B21E-16AF-4815-9A61-A33F3F429261}.Debug|x86.Build.0 = Debug|Win32
		{A355B21E-16AF-4815-9A61-A33F3F429261}.Release|x64.ActiveCfg = Release|x64
		{A355B21E-16AF-4815-9A61-A33F3F429261}.Release|x64.Build.0 = Release|x64
		{A355B21E-16AF-4815-9A61-A33F3F429261}.Release|x86.ActiveCfg = Release|Win32
		{A355B21E-16AF-4815-9A61-A33F3F429261}.Release|x86.Build.0 = Release|Win32
		{6F5DB600-2700-4821-AA3A-8FA448522AE5}.Debug|x64.ActiveCfg = Debug|x64
		{6F5DB600-2700-4821-AA3A-8FA448522AE5}.Debug|x64.Build.0 = Debug|x64
		{6F5DB600-2700-4821-AA3A-8FA448522AE5}.Debug|x86.ActiveCfg = Debug|Win32
		{6F5DB600-2700-4821-AA3A-8FA448522AE5}.Debug|x86.Build.0 = Debug|Win32
		{6F5DB600-2700-4821-AA3A-8FA448522AE5}.Release|x64.ActiveCfg = Release|x64
		{6F5DB600-2700-4821-AA3A-8FA448522AE5}.Release|x64.Build.0 = Release|x64
		{6F5DB600-2700-4821-AA3A-8FA448522AE5}.Release|x86.ActiveCfg = Release|Win32
		{6F5DB600-2700-4821-AA3A-8FA448522AE5}.Release|x86.Build.0 = Release|Win32
		{4CAF4113-1441-43F9-9D8B-6B900B798358}.Debug|x64.ActiveCfg = Debug|x64
		{4CAF4113-1441-43F9-9D8B-6B900B798358}.Debug|x64.Build.0 = Debug|x64
		{4CAF4113-1441-43F9-9D8B-6B900B798358}.Debug|x86.ActiveCfg = Debug|Win32
		{4CAF4113-1441-43F9-9D8B-6B900B798358}.Debug|x86.Build.0 = Debug|Win32
		{4CAF4113-1441-43F9-9D8B-6B900B798358}.Release|x64.ActiveCfg = Release|x64
		{4CAF4113-1441-43F9-9D8B-6B900B798358}.Release|x64.Build.0 = Release|x64
		{4CAF4113-1441-43F9-9D8B-6B900B798358}.Release|x86.ActiveCfg = Release|Win32
		{4CAF4113-1441-43F9-9D8B-6B900B798358}.Release|x86.Build.0 = Release|Win32
		{EC08CF04-22B6-4810-8D2C-15D44C747E17}.Debug|x64.ActiveCfg = Debug|x64
		{EC08CF04-22B6-4810-8D2C-15D44C747E17}.Debug|x64.Build.0 = Debug|x64
		{EC08CF04-22B6-4810-8D2C-15D44C747E17}.Debug|x86.ActiveCfg = Debug|Win32
		{EC08CF04-22B6-4810-8D2C-15D44C747E17}.Debug|x86.Build.0 = Debug|Win32
		{EC08CF04-22B6-4810-8D2C-15D44C747E17}.Release|x64.ActiveCfg = Release|x64
		{EC08CF04-22B6-4810-8D2C-15D44C747E17}.Release|x64.Build.0 = Release|x64
		{EC08CF04-22B6-4810-8D2C-15D44C747E17}.Release|x86.ActiveCfg = Release|Win32
		{EC08CF04-22B6-4810-8D2C-15D44C747E17}.Release|x86.Build.0 = Release|Win32
		{8573BA6F-BBBE-4BF1-B10A-3C82155C30A2}.Debug|x64.ActiveCfg = Debug|x64
		{8573BA6F-BBBE-4BF1-B10A-3C82155C30A2}.Debug|x64.Build.0 = Debug|x64
		{8573BA6F-BBBE-4BF1-B10A-3C82155C30A2}.Debug|x86.ActiveCfg = Debug|Win32
		{8573BA6F-BBBE-4BF1-B10A-3C82155C30A2}.Debug|x86.Build.0 = Debug|Win32
		{8573BA6F-BBBE-4BF1-B10A-3C82155C30A2}.Release|x64.ActiveCfg = Release|x64
		{8573BA6F-BBBE-4BF1-B10A-3C82155C30A2}.Release|x64.Build.0 = Release|x64
		{8573BA6F-BBBE-4BF1-B10A-3C82155C30A2}.Release|x86.ActiveCfg = Release|Win32
		{8573BA6F-BBBE-4BF1-B10A-3C82155C30A2}.Release|x86.Build.0 = Release|Win32
		{BFD9EF6D-F316-4421-9EC6-7C3558B9288D}.Debug|x64.ActiveCfg = Debug|x64
		{BFD9EF6D-F316-4421-9EC6-7C3558B9288D}.Debug|x64.Build.0 = Debug|x64
		{BFD9EF6D-F316-4421-9EC6-7C3558B9288D}.Debug|x86.ActiveCfg = Debug|Win32
		{BFD9EF6D-F316-4421-9EC6-7C3558B9288D}.Debug|x86.Build.0 = Debug|Win32
		{BFD9EF6D-F316-4421-9EC6-7C3558B9288D}.Release|x64.ActiveCfg = Release|x64
		{BFD9EF6D-F316-4421-9EC6-7C3558B9288D}.Release|x64.Build.0 = Release|x64
		{BFD9EF6D-F316-4421-9EC6-7C3558B9288D}.Release|x86.ActiveCfg = Release|Win32
		{BFD9EF6D-F316-4421-9EC6-7C3558B9288D}.Release|x86.Build.0 = Release|Win32
		{30B3B4F0-F838-4DBA-A7EA-E6BE013321BE}.Debug|x64.ActiveCfg = Debug|x64
		{30B3B4F0-F838-4DBA-A7EA-E6BE013321BE}.Debug|x64.Build.0 = Debug|x64
		{30B3B4F0-F838-4DBA-A7EA-E6BE013321BE}.Debug|x86.ActiveCfg = Debug|Win32
		{30B3B4F0-F838-4DBA-A7EA-E6BE013321BE}.Debug|x86.Build.0 = Debug|Win32
		{30B3B4F0-F838-4DBA-A7EA-E6BE013321BE}.Release|x64.ActiveCfg = Release|x64
		{30B3B4F0-F838-4DBA-A7EA-E6BE013321BE}.Release|x64.Build.0 = Release|x64
		{30B3B4F0-F838-4DBA-A7EA-E6BE013321BE}.Release|x86.ActiveCfg = Release|Win32
		{30B3B4F0-F838-4DBA-A7EA-E6BE013321BE}.Release|x86.Build.0 = Release|Win32
		{1B0D2359-CBE4-4161-9A86-02A35743C877}.Debug|x64.ActiveCfg = Debug|x64
		{1B0D2359-CBE4-4161-9A86-02A35743C877}.Debug|x64.Build.0 = Debug|x64
		{1B0D2359-CBE4-4161-9A86-02A35743C877}.Debug|x86.ActiveCfg = Debug|Win32
		{1B0D2359-CBE4-4161-9A86-02A35743C877}.Debug|x86.Build.0 = Debug|Win32
		{1B0D2359-CBE4-4161-9A86-02A35743C877}.Release|x64.ActiveCfg = Release|x64
		{1B0D2359-CBE4-4161-9A86-02A35743C877}.Release|x64.Build.0 = Release|x64
		{1B0D2359-CBE4-4161-9A86-02A35743C877}.Release|x86.ActiveCfg = Release|Win32
		{1B0D2359-CBE4-4161-9A86-02A35743C877}.Release|x86.Build.0 = Release|Win32
	EndGlobalSection
	GlobalSection(SolutionProperties) = preSolution
		HideSolutionNode = FALSE
	EndGlobalSection
	GlobalSection(NestedProjects) = preSolution
		{625987B7-B3E7-46E0-B712-0519D004EA87} = {291197B3-C2B1-4193-8D78-D6BE900A33FB}
		{6D74C10E-7F8F-462B-B279-7320D063B146} = {291197B3-C2B1-4193-8D78-D6BE900A33FB}
		{D33B7BC7-F826-4830-BFAC-B7C0430325F7} = {291197B3-C2B1-4193-8D78-D6BE900A33FB}
		{087C5394-12D8-46E5-8241-996B63D508C8} = {291197B3-C2B1-4193-8D78-D6BE900A33FB}
		{9F947BBC-4A52-4405-960A-67666248373E} = {291197B3-C2B1-4193-8D78-D6BE900A33FB}
		{AF3A59A2-787E-4776-A95B-A6C7E22AFBFD} = {291197B3-C2B1-4193-8D78-D6BE900A33FB}
		{ECCE93B9-302A-4B3A-9591-4EB23F2C9C64} = {291197B3-C2B1-4193-8D78-D6BE900A33FB}
		{302DBB27-BD79-4DB2-8661-F93474015424} = {291197B3-C2B1-4193-8D78-D6BE900A33FB}
		{057E3FC7-A401-43DA-BADE-058AB4CD107E} = {291197B3-C2B1-4193-8D78-D6BE900A33FB}
		{7F69F889-0D09-4BE9-AF4D-E9A07391AA40} = {291197B3-C2B1-4193-8D78-D6BE900A33FB}
		{A3F4191E-12DA-4CDB-9B75-A8B17555EF23} = {291197B3-C2B1-4193-8D78-D6BE900A33FB}
		{8F69CDE6-9BE8-42D3-8C3C-D13AAB768BC6} = {291197B3-C2B1-4193-8D78-D6BE900A33FB}
		{E00C11BF-6AEB-421B-8E0D-3AE3C274A0A6} = {291197B3-C2B1-4193-8D78-D6BE900A33FB}
		{A2ACA090-0C0C-40B5-81B1-240E4265DDA1} = {291197B3-C2B1-4193-8D78-D6BE900A33FB}
		{7B7C6321-47F3-4E7C-9F29-066AE77B848D} = {291197B3-C2B1-4193-8D78-D6BE900A33FB}
		{1772D3DE-0F25-4ED3-8233-8E0594E24D06} = {291197B3-C2B1-4193-8D78-D6BE900A33FB}
		{00F33B45-5577-4F7F-A533-288765ED2AC5} = {81CD6F06-8388-4735-83EC-4CF716E62325}
		{5BAD89F2-75FE-4BB1-B90B-395EFD421404} = {81CD6F06-8388-4735-83EC-4CF716E62325}
		{65891D6B-DED1-40E3-B575-F0021374FC51} = {81CD6F06-8388-4735-83EC-4CF716E62325}
		{B3A3B330-CD75-47E0-9AF7-898458C61543} = {81CD6F06-8388-4735-83EC-4CF716E62325}
		{4CA0C03C-B4FC-4A58-A7F1-4A2FCCC67A5B} = {81CD6F06-8388-4735-83EC-4CF716E62325}
		{E2856060-2CB1-46E9-8A4A-F8AEEA0E1D94} = {81CD6F06-8388-4735-83EC-4CF716E62325}
		{07846392-2EC7-40F0-B24E-542ABBB66ED0} = {3375D399-0F01-49C3-BC54-FBDB34E44811}
		{4082ECDA-F7DD-49C3-A1F2-5E6C5F69FB49} = {3375D399-0F01-49C3-BC54-FBDB34E44811}
		{A783805C-1D92-4E8A-BAAC-356D17E3D92A} = {895EC5A6-F291-4EB4-989B-4FF53364D094}
		{59AA045B-B527-40F4-903F-6EF0AD5B5FE2} = {895EC5A6-F291-4EB4-989B-4FF53364D094}
		{29F20A38-B379-4C08-8010-6B06E242E457} = {97E6CDF6-7AE2-494D-A3D7-A0128D2E0530}
		{28F43251-21FF-4C03-A1B2-89712264E1FC} = {97E6CDF6-7AE2-494D-A3D7-A0128D2E0530}
		{97E6CDF6-7AE2-494D-A3D7-A0128D2E0530} = {98763E55-FA85-4E80-9A1F-308C08CA0A47}
		{895EC5A6-F291-4EB4-989B-4FF53364D094} = {98763E55-FA85-4E80-9A1F-308C08CA0A47}
		{DD363DEC-F807-4960-AE14-168EFCF15FDC} = {98763E55-FA85-4E80-9A1F-308C08CA0A47}
		{C9186802-399C-4C6D-9098-C07F1B3FAF01} = {DD363DEC-F807-4960-AE14-168EFCF15FDC}
		{55CD3DF0-3D2D-4A2C-8A03-074FDA2DCA0E} = {DD363DEC-F807-4960-AE14-168EFCF15FDC}
		{1270969E-704E-42FC-9044-4826D836117C} = {DD363DEC-F807-4960-AE14-168EFCF15FDC}
		{D967A9F2-4983-411F-9DFB-57DE6F30555F} = {DD363DEC-F807-4960-AE14-168EFCF15FDC}
		{DCE20714-8CA0-4C2F-8F1B-898DD8BF234E} = {98763E55-FA85-4E80-9A1F-308C08CA0A47}
		{D668CA5F-E514-4CAD-A090-A0B8E67A77E0} = {DCE20714-8CA0-4C2F-8F1B-898DD8BF234E}
		{6D38D4E8-7458-4EA4-BC64-3C44FDCEC510} = {DCE20714-8CA0-4C2F-8F1B-898DD8BF234E}
		{0A2CD0E2-0302-446C-B1B5-E40A57313EBB} = {98763E55-FA85-4E80-9A1F-308C08CA0A47}
		{EB8F5B79-214D-48FD-9B9C-C1858DEFD979} = {98763E55-FA85-4E80-9A1F-308C08CA0A47}
		{88882422-FDBC-4F69-BD90-0E9D7AFD0A06} = {EB8F5B79-214D-48FD-9B9C-C1858DEFD979}
		{2427544B-5FA2-4B06-9B0F-41A5C9E18783} = {EB8F5B79-214D-48FD-9B9C-C1858DEFD979}
		{5A6BFD6E-3286-4380-8A78-06D27FEA37F4} = {EB8F5B79-214D-48FD-9B9C-C1858DEFD979}
		{A355B21E-16AF-4815-9A61-A33F3F429261} = {EB8F5B79-214D-48FD-9B9C-C1858DEFD979}
		{6F5DB600-2700-4821-AA3A-8FA448522AE5} = {DD363DEC-F807-4960-AE14-168EFCF15FDC}
		{4CAF4113-1441-43F9-9D8B-6B900B798358} = {98763E55-FA85-4E80-9A1F-308C08CA0A47}
		{EC08CF04-22B6-4810-8D2C-15D44C747E17} = {98763E55-FA85-4E80-9A1F-308C08CA0A47}
		{8573BA6F-BBBE-4BF1-B10A-3C82155C30A2} = {3375D399-0F01-49C3-BC54-FBDB34E44811}
		{BFD9EF6D-F316-4421-9EC6-7C3558B9288D} = {3375D399-0F01-49C3-BC54-FBDB34E44811}
		{30B3B4F0-F838-4DBA-A7EA-E6BE013321BE} = {98763E55-FA85-4E80-9A1F-308C08CA0A47}
		{1B0D2359-CBE4-4161-9A86-02A35743C877} = {98763E55-FA85-4E80-9A1F-308C08CA0A47}
	EndGlobalSection
	GlobalSection(ExtensibilityGlobals) = postSolution
		SolutionGuid = {760E8DCA-1EDC-41D9-8CDF-C65DDEE5F915}
	EndGlobalSection
EndGlobal
