<?xml version="1.0" encoding="utf-8"?>
<Project ToolsVersion="4.0" xmlns="http://schemas.microsoft.com/developer/msbuild/2003">
  <ItemGroup>
    <ClCompile Include="Sample.cpp" />
    <ClCompile Include="TDevice.cpp">
      <Filter>library</Filter>
    </ClCompile>
    <ClCompile Include="TDxWrite.cpp">
      <Filter>library</Filter>
    </ClCompile>
    <ClCompile Include="TEffect.cpp">
      <Filter>library</Filter>
    </ClCompile>
    <ClCompile Include="TGameCore.cpp">
      <Filter>library</Filter>
    </ClCompile>
    <ClCompile Include="TInput.cpp">
      <Filter>library</Filter>
    </ClCompile>
    <ClCompile Include="TPlaneShape.cpp">
      <Filter>library</Filter>
    </ClCompile>
    <ClCompile Include="TTextureMgr.cpp">
      <Filter>library</Filter>
    </ClCompile>
    <ClCompile Include="TTimer.cpp">
      <Filter>library</Filter>
    </ClCompile>
    <ClCompile Include="TUiObj.cpp">
      <Filter>library</Filter>
    </ClCompile>
    <ClCompile Include="TWindow.cpp">
      <Filter>library</Filter>
    </ClCompile>
    <ClCompile Include="TSoundMgr.cpp" />
  </ItemGroup>
  <ItemGroup>
    <ClInclude Include="Sample.h" />
    <ClInclude Include="TDevice.h">
      <Filter>library</Filter>
    </ClInclude>
    <ClInclude Include="TDxWrite.h">
      <Filter>library</Filter>
    </ClInclude>
    <ClInclude Include="TEffect.h">
      <Filter>library</Filter>
    </ClInclude>
    <ClInclude Include="TGameCore.h">
      <Filter>library</Filter>
    </ClInclude>
    <ClInclude Include="TInput.h">
      <Filter>library</Filter>
    </ClInclude>
    <ClInclude Include="TPlaneShape.h">
      <Filter>library</Filter>
    </ClInclude>
    <ClInclude Include="TStd.h">
      <Filter>library</Filter>
    </ClInclude>
    <ClInclude Include="TTextureMgr.h">
      <Filter>library</Filter>
    </ClInclude>
    <ClInclude Include="TTimer.h">
      <Filter>library</Filter>
    </ClInclude>
    <ClInclude Include="TUiObj.h">
      <Filter>library</Filter>
    </ClInclude>
    <ClInclude Include="TWindow.h">
      <Filter>library</Filter>
    </ClInclude>
    <ClInclude Include="TSoundMgr.h" />
  </ItemGroup>
  <ItemGroup>
    <Text Include="effect.txt" />
    <Text Include="Shader.txt">
      <Filter>library</Filter>
    </Text>
  </ItemGroup>
  <ItemGroup>
    <Filter Include="library">
      <UniqueIdentifier>{0e2eff79-e89f-421b-b751-0916ccca9527}</UniqueIdentifier>
    </Filter>
  </ItemGroup>
</Project>