
Microsoft Visual Studio Solution File, Format Version 12.00
# Visual Studio Version 16
VisualStudioVersion = 16.0.34114.132
MinimumVisualStudioVersion = 10.0.40219.1
Project("{8BC9CEB8-8B4A-11D0-8D11-00A0C91BC942}") = "KGCAProjects", "KGCAProjects\KGCAProjects.vcxproj", "{1E3AB1A2-8885-4128-A9BB-26ACA48EB6CF}"
EndProject
Project("{2150E333-8FDC-42A3-9474-1A3956D46DE8}") = "CLang", "CLang", "{291197B3-C2B1-4193-8D78-D6BE900A33FB}"
EndProject
Project("{2150E333-8FDC-42A3-9474-1A3956D46DE8}") = "C++", "C++", "{81CD6F06-8388-4735-83EC-4CF716E62325}"
EndProject
Project("{8BC9CEB8-8B4A-11D0-8D11-00A0C91BC942}") = "PointProject1", "PointProject1\PointProject1.vcxproj", "{9E2B3B6A-3B22-4840-A2D0-41C1F62A401E}"
EndProject
Project("{8BC9CEB8-8B4A-11D0-8D11-00A0C91BC942}") = "ConsoleApplication1", "ConsoleApplication1\ConsoleApplication1.vcxproj", "{BDFB97A2-690F-43B0-AC79-A9D76B95538C}"
EndProject
Project("{8BC9CEB8-8B4A-11D0-8D11-00A0C91BC942}") = "Stack", "Stack\Stack.vcxproj", "{162B5A47-1AD7-4B87-918D-D01417944128}"
EndProject
Project("{8BC9CEB8-8B4A-11D0-8D11-00A0C91BC942}") = "LinkedList_0", "LinkedList_0\LinkedList_0.vcxproj", "{17D4291C-AD10-4B62-AA80-544E255E2CB8}"
EndProject
Project("{8BC9CEB8-8B4A-11D0-8D11-00A0C91BC942}") = "LinkedList_1", "LinkedList_1\LinkedList_1.vcxproj", "{3B2BCFE4-08E6-429D-8161-A656E98DEB00}"
EndProject
Project("{8BC9CEB8-8B4A-11D0-8D11-00A0C91BC942}") = "LinkedList_2", "LinkedList_2\LinkedList_2.vcxproj", "{94801E75-D1AF-40F4-A2D0-DDABD0B21659}"
EndProject
Project("{8BC9CEB8-8B4A-11D0-8D11-00A0C91BC942}") = "Class_1", "Class_1\Class_1.vcxproj", "{F48CA2D2-7ECB-4252-ADC3-B4ECEB2826EE}"
EndProject
Project("{8BC9CEB8-8B4A-11D0-8D11-00A0C91BC942}") = "Class_2", "Class_2\Class_2.vcxproj", "{BEE8831E-9AE0-422F-8379-87A6D3CC138C}"
EndProject
Project("{8BC9CEB8-8B4A-11D0-8D11-00A0C91BC942}") = "Class_3", "Class_3\Class_3.vcxproj", "{DD61785A-491C-4635-BF2D-926DA0D05040}"
EndProject
Project("{8BC9CEB8-8B4A-11D0-8D11-00A0C91BC942}") = "TLinkedlist", "TLinkedlist\TLinkedlist.vcxproj", "{84C8FF1C-6165-4BA4-97EA-6ED50422CD5C}"
EndProject
Project("{8BC9CEB8-8B4A-11D0-8D11-00A0C91BC942}") = "vectorSTL", "vectorSTL\vectorSTL.vcxproj", "{3C537C4A-4F8C-482D-A770-FB1DA1FD1F38}"
EndProject
Project("{8BC9CEB8-8B4A-11D0-8D11-00A0C91BC942}") = "listSTL", "listSTL\listSTL.vcxproj", "{672E78C2-9720-4F1C-B4B3-B83212EB7085}"
EndProject
Project("{8BC9CEB8-8B4A-11D0-8D11-00A0C91BC942}") = "string", "string\string.vcxproj", "{6A65CF28-7FD2-4A7B-AF9E-AD16C89939C7}"
EndProject
Project("{8BC9CEB8-8B4A-11D0-8D11-00A0C91BC942}") = "mapSTL", "mapSTL\mapSTL.vcxproj", "{0FD6AD10-3E63-42F8-BA56-54B2859D7BB8}"
EndProject
Global
	GlobalSection(SolutionConfigurationPlatforms) = preSolution
		Debug|x64 = Debug|x64
		Debug|x86 = Debug|x86
		Release|x64 = Release|x64
		Release|x86 = Release|x86
	EndGlobalSection
	GlobalSection(ProjectConfigurationPlatforms) = postSolution
		{1E3AB1A2-8885-4128-A9BB-26ACA48EB6CF}.Debug|x64.ActiveCfg = Debug|x64
		{1E3AB1A2-8885-4128-A9BB-26ACA48EB6CF}.Debug|x64.Build.0 = Debug|x64
		{1E3AB1A2-8885-4128-A9BB-26ACA48EB6CF}.Debug|x86.ActiveCfg = Debug|Win32
		{1E3AB1A2-8885-4128-A9BB-26ACA48EB6CF}.Debug|x86.Build.0 = Debug|Win32
		{1E3AB1A2-8885-4128-A9BB-26ACA48EB6CF}.Release|x64.ActiveCfg = Release|x64
		{1E3AB1A2-8885-4128-A9BB-26ACA48EB6CF}.Release|x64.Build.0 = Release|x64
		{1E3AB1A2-8885-4128-A9BB-26ACA48EB6CF}.Release|x86.ActiveCfg = Release|Win32
		{1E3AB1A2-8885-4128-A9BB-26ACA48EB6CF}.Release|x86.Build.0 = Release|Win32
		{9E2B3B6A-3B22-4840-A2D0-41C1F62A401E}.Debug|x64.ActiveCfg = Debug|x64
		{9E2B3B6A-3B22-4840-A2D0-41C1F62A401E}.Debug|x64.Build.0 = Debug|x64
		{9E2B3B6A-3B22-4840-A2D0-41C1F62A401E}.Debug|x86.ActiveCfg = Debug|Win32
		{9E2B3B6A-3B22-4840-A2D0-41C1F62A401E}.Debug|x86.Build.0 = Debug|Win32
		{9E2B3B6A-3B22-4840-A2D0-41C1F62A401E}.Release|x64.ActiveCfg = Release|x64
		{9E2B3B6A-3B22-4840-A2D0-41C1F62A401E}.Release|x64.Build.0 = Release|x64
		{9E2B3B6A-3B22-4840-A2D0-41C1F62A401E}.Release|x86.ActiveCfg = Release|Win32
		{9E2B3B6A-3B22-4840-A2D0-41C1F62A401E}.Release|x86.Build.0 = Release|Win32
		{BDFB97A2-690F-43B0-AC79-A9D76B95538C}.Debug|x64.ActiveCfg = Debug|x64
		{BDFB97A2-690F-43B0-AC79-A9D76B95538C}.Debug|x64.Build.0 = Debug|x64
		{BDFB97A2-690F-43B0-AC79-A9D76B95538C}.Debug|x86.ActiveCfg = Debug|Win32
		{BDFB97A2-690F-43B0-AC79-A9D76B95538C}.Debug|x86.Build.0 = Debug|Win32
		{BDFB97A2-690F-43B0-AC79-A9D76B95538C}.Release|x64.ActiveCfg = Release|x64
		{BDFB97A2-690F-43B0-AC79-A9D76B95538C}.Release|x64.Build.0 = Release|x64
		{BDFB97A2-690F-43B0-AC79-A9D76B95538C}.Release|x86.ActiveCfg = Release|Win32
		{BDFB97A2-690F-43B0-AC79-A9D76B95538C}.Release|x86.Build.0 = Release|Win32
		{162B5A47-1AD7-4B87-918D-D01417944128}.Debug|x64.ActiveCfg = Debug|x64
		{162B5A47-1AD7-4B87-918D-D01417944128}.Debug|x64.Build.0 = Debug|x64
		{162B5A47-1AD7-4B87-918D-D01417944128}.Debug|x86.ActiveCfg = Debug|Win32
		{162B5A47-1AD7-4B87-918D-D01417944128}.Debug|x86.Build.0 = Debug|Win32
		{162B5A47-1AD7-4B87-918D-D01417944128}.Release|x64.ActiveCfg = Release|x64
		{162B5A47-1AD7-4B87-918D-D01417944128}.Release|x64.Build.0 = Release|x64
		{162B5A47-1AD7-4B87-918D-D01417944128}.Release|x86.ActiveCfg = Release|Win32
		{162B5A47-1AD7-4B87-918D-D01417944128}.Release|x86.Build.0 = Release|Win32
		{17D4291C-AD10-4B62-AA80-544E255E2CB8}.Debug|x64.ActiveCfg = Debug|x64
		{17D4291C-AD10-4B62-AA80-544E255E2CB8}.Debug|x64.Build.0 = Debug|x64
		{17D4291C-AD10-4B62-AA80-544E255E2CB8}.Debug|x86.ActiveCfg = Debug|Win32
		{17D4291C-AD10-4B62-AA80-544E255E2CB8}.Debug|x86.Build.0 = Debug|Win32
		{17D4291C-AD10-4B62-AA80-544E255E2CB8}.Release|x64.ActiveCfg = Release|x64
		{17D4291C-AD10-4B62-AA80-544E255E2CB8}.Release|x64.Build.0 = Release|x64
		{17D4291C-AD10-4B62-AA80-544E255E2CB8}.Release|x86.ActiveCfg = Release|Win32
		{17D4291C-AD10-4B62-AA80-544E255E2CB8}.Release|x86.Build.0 = Release|Win32
		{3B2BCFE4-08E6-429D-8161-A656E98DEB00}.Debug|x64.ActiveCfg = Debug|x64
		{3B2BCFE4-08E6-429D-8161-A656E98DEB00}.Debug|x64.Build.0 = Debug|x64
		{3B2BCFE4-08E6-429D-8161-A656E98DEB00}.Debug|x86.ActiveCfg = Debug|Win32
		{3B2BCFE4-08E6-429D-8161-A656E98DEB00}.Debug|x86.Build.0 = Debug|Win32
		{3B2BCFE4-08E6-429D-8161-A656E98DEB00}.Release|x64.ActiveCfg = Release|x64
		{3B2BCFE4-08E6-429D-8161-A656E98DEB00}.Release|x64.Build.0 = Release|x64
		{3B2BCFE4-08E6-429D-8161-A656E98DEB00}.Release|x86.ActiveCfg = Release|Win32
		{3B2BCFE4-08E6-429D-8161-A656E98DEB00}.Release|x86.Build.0 = Release|Win32
		{94801E75-D1AF-40F4-A2D0-DDABD0B21659}.Debug|x64.ActiveCfg = Debug|x64
		{94801E75-D1AF-40F4-A2D0-DDABD0B21659}.Debug|x64.Build.0 = Debug|x64
		{94801E75-D1AF-40F4-A2D0-DDABD0B21659}.Debug|x86.ActiveCfg = Debug|Win32
		{94801E75-D1AF-40F4-A2D0-DDABD0B21659}.Debug|x86.Build.0 = Debug|Win32
		{94801E75-D1AF-40F4-A2D0-DDABD0B21659}.Release|x64.ActiveCfg = Release|x64
		{94801E75-D1AF-40F4-A2D0-DDABD0B21659}.Release|x64.Build.0 = Release|x64
		{94801E75-D1AF-40F4-A2D0-DDABD0B21659}.Release|x86.ActiveCfg = Release|Win32
		{94801E75-D1AF-40F4-A2D0-DDABD0B21659}.Release|x86.Build.0 = Release|Win32
		{F48CA2D2-7ECB-4252-ADC3-B4ECEB2826EE}.Debug|x64.ActiveCfg = Debug|x64
		{F48CA2D2-7ECB-4252-ADC3-B4ECEB2826EE}.Debug|x64.Build.0 = Debug|x64
		{F48CA2D2-7ECB-4252-ADC3-B4ECEB2826EE}.Debug|x86.ActiveCfg = Debug|Win32
		{F48CA2D2-7ECB-4252-ADC3-B4ECEB2826EE}.Debug|x86.Build.0 = Debug|Win32
		{F48CA2D2-7ECB-4252-ADC3-B4ECEB2826EE}.Release|x64.ActiveCfg = Release|x64
		{F48CA2D2-7ECB-4252-ADC3-B4ECEB2826EE}.Release|x64.Build.0 = Release|x64
		{F48CA2D2-7ECB-4252-ADC3-B4ECEB2826EE}.Release|x86.ActiveCfg = Release|Win32
		{F48CA2D2-7ECB-4252-ADC3-B4ECEB2826EE}.Release|x86.Build.0 = Release|Win32
		{BEE8831E-9AE0-422F-8379-87A6D3CC138C}.Debug|x64.ActiveCfg = Debug|x64
		{BEE8831E-9AE0-422F-8379-87A6D3CC138C}.Debug|x64.Build.0 = Debug|x64
		{BEE8831E-9AE0-422F-8379-87A6D3CC138C}.Debug|x86.ActiveCfg = Debug|Win32
		{BEE8831E-9AE0-422F-8379-87A6D3CC138C}.Debug|x86.Build.0 = Debug|Win32
		{BEE8831E-9AE0-422F-8379-87A6D3CC138C}.Release|x64.ActiveCfg = Release|x64
		{BEE8831E-9AE0-422F-8379-87A6D3CC138C}.Release|x64.Build.0 = Release|x64
		{BEE8831E-9AE0-422F-8379-87A6D3CC138C}.Release|x86.ActiveCfg = Release|Win32
		{BEE8831E-9AE0-422F-8379-87A6D3CC138C}.Release|x86.Build.0 = Release|Win32
		{DD61785A-491C-4635-BF2D-926DA0D05040}.Debug|x64.ActiveCfg = Debug|x64
		{DD61785A-491C-4635-BF2D-926DA0D05040}.Debug|x64.Build.0 = Debug|x64
		{DD61785A-491C-4635-BF2D-926DA0D05040}.Debug|x86.ActiveCfg = Debug|Win32
		{DD61785A-491C-4635-BF2D-926DA0D05040}.Debug|x86.Build.0 = Debug|Win32
		{DD61785A-491C-4635-BF2D-926DA0D05040}.Release|x64.ActiveCfg = Release|x64
		{DD61785A-491C-4635-BF2D-926DA0D05040}.Release|x64.Build.0 = Release|x64
		{DD61785A-491C-4635-BF2D-926DA0D05040}.Release|x86.ActiveCfg = Release|Win32
		{DD61785A-491C-4635-BF2D-926DA0D05040}.Release|x86.Build.0 = Release|Win32
		{84C8FF1C-6165-4BA4-97EA-6ED50422CD5C}.Debug|x64.ActiveCfg = Debug|x64
		{84C8FF1C-6165-4BA4-97EA-6ED50422CD5C}.Debug|x64.Build.0 = Debug|x64
		{84C8FF1C-6165-4BA4-97EA-6ED50422CD5C}.Debug|x86.ActiveCfg = Debug|Win32
		{84C8FF1C-6165-4BA4-97EA-6ED50422CD5C}.Debug|x86.Build.0 = Debug|Win32
		{84C8FF1C-6165-4BA4-97EA-6ED50422CD5C}.Release|x64.ActiveCfg = Release|x64
		{84C8FF1C-6165-4BA4-97EA-6ED50422CD5C}.Release|x64.Build.0 = Release|x64
		{84C8FF1C-6165-4BA4-97EA-6ED50422CD5C}.Release|x86.ActiveCfg = Release|Win32
		{84C8FF1C-6165-4BA4-97EA-6ED50422CD5C}.Release|x86.Build.0 = Release|Win32
		{3C537C4A-4F8C-482D-A770-FB1DA1FD1F38}.Debug|x64.ActiveCfg = Debug|x64
		{3C537C4A-4F8C-482D-A770-FB1DA1FD1F38}.Debug|x64.Build.0 = Debug|x64
		{3C537C4A-4F8C-482D-A770-FB1DA1FD1F38}.Debug|x86.ActiveCfg = Debug|Win32
		{3C537C4A-4F8C-482D-A770-FB1DA1FD1F38}.Debug|x86.Build.0 = Debug|Win32
		{3C537C4A-4F8C-482D-A770-FB1DA1FD1F38}.Release|x64.ActiveCfg = Release|x64
		{3C537C4A-4F8C-482D-A770-FB1DA1FD1F38}.Release|x64.Build.0 = Release|x64
		{3C537C4A-4F8C-482D-A770-FB1DA1FD1F38}.Release|x86.ActiveCfg = Release|Win32
		{3C537C4A-4F8C-482D-A770-FB1DA1FD1F38}.Release|x86.Build.0 = Release|Win32
		{672E78C2-9720-4F1C-B4B3-B83212EB7085}.Debug|x64.ActiveCfg = Debug|x64
		{672E78C2-9720-4F1C-B4B3-B83212EB7085}.Debug|x64.Build.0 = Debug|x64
		{672E78C2-9720-4F1C-B4B3-B83212EB7085}.Debug|x86.ActiveCfg = Debug|Win32
		{672E78C2-9720-4F1C-B4B3-B83212EB7085}.Debug|x86.Build.0 = Debug|Win32
		{672E78C2-9720-4F1C-B4B3-B83212EB7085}.Release|x64.ActiveCfg = Release|x64
		{672E78C2-9720-4F1C-B4B3-B83212EB7085}.Release|x64.Build.0 = Release|x64
		{672E78C2-9720-4F1C-B4B3-B83212EB7085}.Release|x86.ActiveCfg = Release|Win32
		{672E78C2-9720-4F1C-B4B3-B83212EB7085}.Release|x86.Build.0 = Release|Win32
		{6A65CF28-7FD2-4A7B-AF9E-AD16C89939C7}.Debug|x64.ActiveCfg = Debug|x64
		{6A65CF28-7FD2-4A7B-AF9E-AD16C89939C7}.Debug|x64.Build.0 = Debug|x64
		{6A65CF28-7FD2-4A7B-AF9E-AD16C89939C7}.Debug|x86.ActiveCfg = Debug|Win32
		{6A65CF28-7FD2-4A7B-AF9E-AD16C89939C7}.Debug|x86.Build.0 = Debug|Win32
		{6A65CF28-7FD2-4A7B-AF9E-AD16C89939C7}.Release|x64.ActiveCfg = Release|x64
		{6A65CF28-7FD2-4A7B-AF9E-AD16C89939C7}.Release|x64.Build.0 = Release|x64
		{6A65CF28-7FD2-4A7B-AF9E-AD16C89939C7}.Release|x86.ActiveCfg = Release|Win32
		{6A65CF28-7FD2-4A7B-AF9E-AD16C89939C7}.Release|x86.Build.0 = Release|Win32
		{0FD6AD10-3E63-42F8-BA56-54B2859D7BB8}.Debug|x64.ActiveCfg = Debug|x64
		{0FD6AD10-3E63-42F8-BA56-54B2859D7BB8}.Debug|x64.Build.0 = Debug|x64
		{0FD6AD10-3E63-42F8-BA56-54B2859D7BB8}.Debug|x86.ActiveCfg = Debug|Win32
		{0FD6AD10-3E63-42F8-BA56-54B2859D7BB8}.Debug|x86.Build.0 = Debug|Win32
		{0FD6AD10-3E63-42F8-BA56-54B2859D7BB8}.Release|x64.ActiveCfg = Release|x64
		{0FD6AD10-3E63-42F8-BA56-54B2859D7BB8}.Release|x64.Build.0 = Release|x64
		{0FD6AD10-3E63-42F8-BA56-54B2859D7BB8}.Release|x86.ActiveCfg = Release|Win32
		{0FD6AD10-3E63-42F8-BA56-54B2859D7BB8}.Release|x86.Build.0 = Release|Win32
	EndGlobalSection
	GlobalSection(SolutionProperties) = preSolution
		HideSolutionNode = FALSE
	EndGlobalSection
	GlobalSection(NestedProjects) = preSolution
		{9E2B3B6A-3B22-4840-A2D0-41C1F62A401E} = {291197B3-C2B1-4193-8D78-D6BE900A33FB}
		{BDFB97A2-690F-43B0-AC79-A9D76B95538C} = {291197B3-C2B1-4193-8D78-D6BE900A33FB}
		{162B5A47-1AD7-4B87-918D-D01417944128} = {291197B3-C2B1-4193-8D78-D6BE900A33FB}
		{17D4291C-AD10-4B62-AA80-544E255E2CB8} = {291197B3-C2B1-4193-8D78-D6BE900A33FB}
		{3B2BCFE4-08E6-429D-8161-A656E98DEB00} = {291197B3-C2B1-4193-8D78-D6BE900A33FB}
		{94801E75-D1AF-40F4-A2D0-DDABD0B21659} = {291197B3-C2B1-4193-8D78-D6BE900A33FB}
		{F48CA2D2-7ECB-4252-ADC3-B4ECEB2826EE} = {81CD6F06-8388-4735-83EC-4CF716E62325}
		{BEE8831E-9AE0-422F-8379-87A6D3CC138C} = {81CD6F06-8388-4735-83EC-4CF716E62325}
		{DD61785A-491C-4635-BF2D-926DA0D05040} = {81CD6F06-8388-4735-83EC-4CF716E62325}
		{84C8FF1C-6165-4BA4-97EA-6ED50422CD5C} = {81CD6F06-8388-4735-83EC-4CF716E62325}
		{3C537C4A-4F8C-482D-A770-FB1DA1FD1F38} = {81CD6F06-8388-4735-83EC-4CF716E62325}
		{672E78C2-9720-4F1C-B4B3-B83212EB7085} = {81CD6F06-8388-4735-83EC-4CF716E62325}
		{6A65CF28-7FD2-4A7B-AF9E-AD16C89939C7} = {81CD6F06-8388-4735-83EC-4CF716E62325}
		{0FD6AD10-3E63-42F8-BA56-54B2859D7BB8} = {81CD6F06-8388-4735-83EC-4CF716E62325}
	EndGlobalSection
	GlobalSection(ExtensibilityGlobals) = postSolution
		SolutionGuid = {760E8DCA-1EDC-41D9-8CDF-C65DDEE5F915}
	EndGlobalSection
EndGlobal
